// !$*UTF8*$!
{
	archiveVersion = 1;
	classes = {
	};
	objectVersion = 46;
	objects = {

/* Begin PBXBuildFile section */
		D405E8551BD4F60F0000A5E5 /* About_iPhone.m in Sources */ = {isa = PBXBuildFile; fileRef = D405E84E1BD4F60F0000A5E5 /* About_iPhone.m */; };
		D405E8561BD4F60F0000A5E5 /* Rush_iPhone.m in Sources */ = {isa = PBXBuildFile; fileRef = D405E8501BD4F60F0000A5E5 /* Rush_iPhone.m */; };
		D405E8571BD4F60F0000A5E5 /* Supremacy_iPhone.m in Sources */ = {isa = PBXBuildFile; fileRef = D405E8521BD4F60F0000A5E5 /* Supremacy_iPhone.m */; };
		D405E8581BD4F60F0000A5E5 /* ViewController_iPad.m in Sources */ = {isa = PBXBuildFile; fileRef = D405E8541BD4F60F0000A5E5 /* ViewController_iPad.m */; };
		D40D34E61C1E071F0019AC16 /* CLICK01.wav in Resources */ = {isa = PBXBuildFile; fileRef = D40D34421C1E071F0019AC16 /* CLICK01.wav */; };
		D40D34E71C1E071F0019AC16 /* CLICK02.wav in Resources */ = {isa = PBXBuildFile; fileRef = D40D34431C1E071F0019AC16 /* CLICK02.wav */; };
		D40D34E81C1E071F0019AC16 /* CLICK04.wav in Resources */ = {isa = PBXBuildFile; fileRef = D40D34441C1E071F0019AC16 /* CLICK04.wav */; };
		D40D34E91C1E071F0019AC16 /* CLICK07.wav in Resources */ = {isa = PBXBuildFile; fileRef = D40D34451C1E071F0019AC16 /* CLICK07.wav */; };
		D40D34EA1C1E071F0019AC16 /* close.png in Resources */ = {isa = PBXBuildFile; fileRef = D40D34461C1E071F0019AC16 /* close.png */; };
		D40D34EB1C1E071F0019AC16 /* close@2x.png in Resources */ = {isa = PBXBuildFile; fileRef = D40D34471C1E071F0019AC16 /* close@2x.png */; };
		D40D34EC1C1E071F0019AC16 /* durability-1.png in Resources */ = {isa = PBXBuildFile; fileRef = D40D34491C1E071F0019AC16 /* durability-1.png */; };
		D40D34ED1C1E071F0019AC16 /* durability-1@2x.png in Resources */ = {isa = PBXBuildFile; fileRef = D40D344A1C1E071F0019AC16 /* durability-1@2x.png */; };
		D40D34EE1C1E071F0019AC16 /* durability-2.png in Resources */ = {isa = PBXBuildFile; fileRef = D40D344B1C1E071F0019AC16 /* durability-2.png */; };
		D40D34EF1C1E071F0019AC16 /* durability-2@2x.png in Resources */ = {isa = PBXBuildFile; fileRef = D40D344C1C1E071F0019AC16 /* durability-2@2x.png */; };
		D40D34F01C1E071F0019AC16 /* durability-3.png in Resources */ = {isa = PBXBuildFile; fileRef = D40D344D1C1E071F0019AC16 /* durability-3.png */; };
		D40D34F11C1E071F0019AC16 /* durability-3@2x.png in Resources */ = {isa = PBXBuildFile; fileRef = D40D344E1C1E071F0019AC16 /* durability-3@2x.png */; };
		D40D34F21C1E071F0019AC16 /* durability-0.png in Resources */ = {isa = PBXBuildFile; fileRef = D40D344F1C1E071F0019AC16 /* durability-0.png */; };
		D40D34F31C1E071F0019AC16 /* durability-0@2x.png in Resources */ = {isa = PBXBuildFile; fileRef = D40D34501C1E071F0019AC16 /* durability-0@2x.png */; };
		D40D34F41C1E071F0019AC16 /* durability-1.png in Resources */ = {isa = PBXBuildFile; fileRef = D40D34511C1E071F0019AC16 /* durability-1.png */; };
		D40D34F51C1E071F0019AC16 /* durability-1@2x.png in Resources */ = {isa = PBXBuildFile; fileRef = D40D34521C1E071F0019AC16 /* durability-1@2x.png */; };
		D40D34F61C1E071F0019AC16 /* durability-2.png in Resources */ = {isa = PBXBuildFile; fileRef = D40D34531C1E071F0019AC16 /* durability-2.png */; };
		D40D34F71C1E071F0019AC16 /* durability-2@2x.png in Resources */ = {isa = PBXBuildFile; fileRef = D40D34541C1E071F0019AC16 /* durability-2@2x.png */; };
		D40D34F81C1E071F0019AC16 /* durability-3.png in Resources */ = {isa = PBXBuildFile; fileRef = D40D34551C1E071F0019AC16 /* durability-3.png */; };
		D40D34F91C1E071F0019AC16 /* durability-3@2x.png in Resources */ = {isa = PBXBuildFile; fileRef = D40D34561C1E071F0019AC16 /* durability-3@2x.png */; };
		D40D34FA1C1E071F0019AC16 /* introsound01.mp3 in Resources */ = {isa = PBXBuildFile; fileRef = D40D34571C1E071F0019AC16 /* introsound01.mp3 */; };
		D40D34FB1C1E071F0019AC16 /* iTunesArtwork.png in Resources */ = {isa = PBXBuildFile; fileRef = D40D34581C1E071F0019AC16 /* iTunesArtwork.png */; };
		D40D34FC1C1E071F0019AC16 /* menu-button-pressed.png in Resources */ = {isa = PBXBuildFile; fileRef = D40D34591C1E071F0019AC16 /* menu-button-pressed.png */; };
		D40D34FD1C1E071F0019AC16 /* menu-button-pressed@2x.png in Resources */ = {isa = PBXBuildFile; fileRef = D40D345A1C1E071F0019AC16 /* menu-button-pressed@2x.png */; };
		D40D34FE1C1E071F0019AC16 /* menu-button.png in Resources */ = {isa = PBXBuildFile; fileRef = D40D345B1C1E071F0019AC16 /* menu-button.png */; };
		D40D34FF1C1E071F0019AC16 /* menu-button@2x.png in Resources */ = {isa = PBXBuildFile; fileRef = D40D345C1C1E071F0019AC16 /* menu-button@2x.png */; };
		D40D35001C1E071F0019AC16 /* iTunesArtwork.psd in Resources */ = {isa = PBXBuildFile; fileRef = D40D345E1C1E071F0019AC16 /* iTunesArtwork.psd */; };
		D40D35011C1E071F0019AC16 /* pokerface006.mp3 in Resources */ = {isa = PBXBuildFile; fileRef = D40D345F1C1E071F0019AC16 /* pokerface006.mp3 */; };
		D40D35021C1E071F0019AC16 /* shuffle-pressed.png in Resources */ = {isa = PBXBuildFile; fileRef = D40D34601C1E071F0019AC16 /* shuffle-pressed.png */; };
		D40D35031C1E071F0019AC16 /* shuffle-pressed@2x.png in Resources */ = {isa = PBXBuildFile; fileRef = D40D34611C1E071F0019AC16 /* shuffle-pressed@2x.png */; };
		D40D35041C1E071F0019AC16 /* shuffle.png in Resources */ = {isa = PBXBuildFile; fileRef = D40D34621C1E071F0019AC16 /* shuffle.png */; };
		D40D35051C1E071F0019AC16 /* shuffle@2x.png in Resources */ = {isa = PBXBuildFile; fileRef = D40D34631C1E071F0019AC16 /* shuffle@2x.png */; };
		D40D35061C1E071F0019AC16 /* bomb-arrow-small.png in Resources */ = {isa = PBXBuildFile; fileRef = D40D34651C1E071F0019AC16 /* bomb-arrow-small.png */; };
		D40D35071C1E071F0019AC16 /* bomb-arrow-small@2x.png in Resources */ = {isa = PBXBuildFile; fileRef = D40D34661C1E071F0019AC16 /* bomb-arrow-small@2x.png */; };
		D40D35081C1E071F0019AC16 /* boss-small.png in Resources */ = {isa = PBXBuildFile; fileRef = D40D34671C1E071F0019AC16 /* boss-small.png */; };
		D40D35091C1E071F0019AC16 /* boss-small@2x.png in Resources */ = {isa = PBXBuildFile; fileRef = D40D34681C1E071F0019AC16 /* boss-small@2x.png */; };
		D40D350A1C1E071F0019AC16 /* dragon-small.png in Resources */ = {isa = PBXBuildFile; fileRef = D40D34691C1E071F0019AC16 /* dragon-small.png */; };
		D40D350B1C1E071F0019AC16 /* dragon-small@2x.png in Resources */ = {isa = PBXBuildFile; fileRef = D40D346A1C1E071F0019AC16 /* dragon-small@2x.png */; };
		D40D350C1C1E071F0019AC16 /* firecracker-small.png in Resources */ = {isa = PBXBuildFile; fileRef = D40D346B1C1E071F0019AC16 /* firecracker-small.png */; };
		D40D350D1C1E071F0019AC16 /* firecracker-small@2x.png in Resources */ = {isa = PBXBuildFile; fileRef = D40D346C1C1E071F0019AC16 /* firecracker-small@2x.png */; };
		D40D350E1C1E071F0019AC16 /* flamethrower-small.png in Resources */ = {isa = PBXBuildFile; fileRef = D40D346D1C1E071F0019AC16 /* flamethrower-small.png */; };
		D40D350F1C1E071F0019AC16 /* flamethrower-small@2x.png in Resources */ = {isa = PBXBuildFile; fileRef = D40D346E1C1E071F0019AC16 /* flamethrower-small@2x.png */; };
		D40D35101C1E071F0019AC16 /* flaming-arrow-small.png in Resources */ = {isa = PBXBuildFile; fileRef = D40D346F1C1E071F0019AC16 /* flaming-arrow-small.png */; };
		D40D35111C1E071F0019AC16 /* flaming-arrow-small@2x.png in Resources */ = {isa = PBXBuildFile; fileRef = D40D34701C1E071F0019AC16 /* flaming-arrow-small@2x.png */; };
		D40D35121C1E071F0019AC16 /* flash-bang-small.png in Resources */ = {isa = PBXBuildFile; fileRef = D40D34711C1E071F0019AC16 /* flash-bang-small.png */; };
		D40D35131C1E071F0019AC16 /* flash-bang-small@2x.png in Resources */ = {isa = PBXBuildFile; fileRef = D40D34721C1E071F0019AC16 /* flash-bang-small@2x.png */; };
		D40D35141C1E071F0019AC16 /* grenade-small.png in Resources */ = {isa = PBXBuildFile; fileRef = D40D34731C1E071F0019AC16 /* grenade-small.png */; };
		D40D35151C1E071F0019AC16 /* grenade-small@2x.png in Resources */ = {isa = PBXBuildFile; fileRef = D40D34741C1E071F0019AC16 /* grenade-small@2x.png */; };
		D40D35161C1E071F0019AC16 /* hotsauce-small.png in Resources */ = {isa = PBXBuildFile; fileRef = D40D34751C1E071F0019AC16 /* hotsauce-small.png */; };
		D40D35171C1E071F0019AC16 /* hotsauce-small@2x.png in Resources */ = {isa = PBXBuildFile; fileRef = D40D34761C1E071F0019AC16 /* hotsauce-small@2x.png */; };
		D40D35181C1E071F0019AC16 /* hourglass-small.png in Resources */ = {isa = PBXBuildFile; fileRef = D40D34771C1E071F0019AC16 /* hourglass-small.png */; };
		D40D35191C1E071F0019AC16 /* hourglass-small@2x.png in Resources */ = {isa = PBXBuildFile; fileRef = D40D34781C1E071F0019AC16 /* hourglass-small@2x.png */; };
		D40D351A1C1E071F0019AC16 /* hydra-small.png in Resources */ = {isa = PBXBuildFile; fileRef = D40D34791C1E071F0019AC16 /* hydra-small.png */; };
		D40D351B1C1E071F0019AC16 /* hydra-small@2x.png in Resources */ = {isa = PBXBuildFile; fileRef = D40D347A1C1E071F0019AC16 /* hydra-small@2x.png */; };
		D40D351C1C1E071F0019AC16 /* katana-small.png in Resources */ = {isa = PBXBuildFile; fileRef = D40D347B1C1E071F0019AC16 /* katana-small.png */; };
		D40D351D1C1E071F0019AC16 /* katana-small@2x.png in Resources */ = {isa = PBXBuildFile; fileRef = D40D347C1C1E071F0019AC16 /* katana-small@2x.png */; };
		D40D351E1C1E071F0019AC16 /* locked-small.png in Resources */ = {isa = PBXBuildFile; fileRef = D40D347D1C1E071F0019AC16 /* locked-small.png */; };
		D40D351F1C1E071F0019AC16 /* locked-small@2x.png in Resources */ = {isa = PBXBuildFile; fileRef = D40D347E1C1E071F0019AC16 /* locked-small@2x.png */; };
		D40D35201C1E071F0019AC16 /* machete-small.png in Resources */ = {isa = PBXBuildFile; fileRef = D40D347F1C1E071F0019AC16 /* machete-small.png */; };
		D40D35211C1E071F0019AC16 /* machete-small@2x.png in Resources */ = {isa = PBXBuildFile; fileRef = D40D34801C1E071F0019AC16 /* machete-small@2x.png */; };
		D40D35221C1E071F0019AC16 /* medusa-small.png in Resources */ = {isa = PBXBuildFile; fileRef = D40D34811C1E071F0019AC16 /* medusa-small.png */; };
		D40D35231C1E071F0019AC16 /* medusa-small@2x.png in Resources */ = {isa = PBXBuildFile; fileRef = D40D34821C1E071F0019AC16 /* medusa-small@2x.png */; };
		D40D35241C1E071F0019AC16 /* meteor-small.png in Resources */ = {isa = PBXBuildFile; fileRef = D40D34831C1E071F0019AC16 /* meteor-small.png */; };
		D40D35251C1E071F0019AC16 /* meteor-small@2x.png in Resources */ = {isa = PBXBuildFile; fileRef = D40D34841C1E071F0019AC16 /* meteor-small@2x.png */; };
		D40D35261C1E071F0019AC16 /* missiles-small.png in Resources */ = {isa = PBXBuildFile; fileRef = D40D34851C1E071F0019AC16 /* missiles-small.png */; };
		D40D35271C1E071F0019AC16 /* missiles-small@2x.png in Resources */ = {isa = PBXBuildFile; fileRef = D40D34861C1E071F0019AC16 /* missiles-small@2x.png */; };
		D40D35281C1E071F0019AC16 /* moai-small.png in Resources */ = {isa = PBXBuildFile; fileRef = D40D34871C1E071F0019AC16 /* moai-small.png */; };
		D40D35291C1E071F0019AC16 /* moai-small@2x.png in Resources */ = {isa = PBXBuildFile; fileRef = D40D34881C1E071F0019AC16 /* moai-small@2x.png */; };
		D40D352A1C1E071F0019AC16 /* molotov-small.png in Resources */ = {isa = PBXBuildFile; fileRef = D40D34891C1E071F0019AC16 /* molotov-small.png */; };
		D40D352B1C1E071F0019AC16 /* molotov-small@2x.png in Resources */ = {isa = PBXBuildFile; fileRef = D40D348A1C1E071F0019AC16 /* molotov-small@2x.png */; };
		D40D352C1C1E071F0019AC16 /* paper-small.png in Resources */ = {isa = PBXBuildFile; fileRef = D40D348B1C1E071F0019AC16 /* paper-small.png */; };
		D40D352D1C1E071F0019AC16 /* paper-small@2x.png in Resources */ = {isa = PBXBuildFile; fileRef = D40D348C1C1E071F0019AC16 /* paper-small@2x.png */; };
		D40D352E1C1E071F0019AC16 /* phoenix-small.png in Resources */ = {isa = PBXBuildFile; fileRef = D40D348D1C1E071F0019AC16 /* phoenix-small.png */; };
		D40D352F1C1E071F0019AC16 /* phoenix-small@2x.png in Resources */ = {isa = PBXBuildFile; fileRef = D40D348E1C1E071F0019AC16 /* phoenix-small@2x.png */; };
		D40D35301C1E071F0019AC16 /* poison-arrow-small.png in Resources */ = {isa = PBXBuildFile; fileRef = D40D348F1C1E071F0019AC16 /* poison-arrow-small.png */; };
		D40D35311C1E071F0019AC16 /* poison-arrow-small@2x.png in Resources */ = {isa = PBXBuildFile; fileRef = D40D34901C1E071F0019AC16 /* poison-arrow-small@2x.png */; };
		D40D35321C1E071F0019AC16 /* revolver-small.png in Resources */ = {isa = PBXBuildFile; fileRef = D40D34911C1E071F0019AC16 /* revolver-small.png */; };
		D40D35331C1E071F0019AC16 /* revolver-small@2x.png in Resources */ = {isa = PBXBuildFile; fileRef = D40D34921C1E071F0019AC16 /* revolver-small@2x.png */; };
		D40D35341C1E071F0019AC16 /* rifle-small.png in Resources */ = {isa = PBXBuildFile; fileRef = D40D34931C1E071F0019AC16 /* rifle-small.png */; };
		D40D35351C1E071F0019AC16 /* rifle-small@2x.png in Resources */ = {isa = PBXBuildFile; fileRef = D40D34941C1E071F0019AC16 /* rifle-small@2x.png */; };
		D40D35361C1E071F0019AC16 /* rock-small.png in Resources */ = {isa = PBXBuildFile; fileRef = D40D34951C1E071F0019AC16 /* rock-small.png */; };
		D40D35371C1E071F0019AC16 /* rock-small@2x.png in Resources */ = {isa = PBXBuildFile; fileRef = D40D34961C1E071F0019AC16 /* rock-small@2x.png */; };
		D40D35381C1E071F0019AC16 /* rocket-small.png in Resources */ = {isa = PBXBuildFile; fileRef = D40D34971C1E071F0019AC16 /* rocket-small.png */; };
		D40D35391C1E071F0019AC16 /* rocket-small@2x.png in Resources */ = {isa = PBXBuildFile; fileRef = D40D34981C1E071F0019AC16 /* rocket-small@2x.png */; };
		D40D353A1C1E071F0019AC16 /* scarecrow-small.png in Resources */ = {isa = PBXBuildFile; fileRef = D40D34991C1E071F0019AC16 /* scarecrow-small.png */; };
		D40D353B1C1E071F0019AC16 /* scarecrow-small@2x.png in Resources */ = {isa = PBXBuildFile; fileRef = D40D349A1C1E071F0019AC16 /* scarecrow-small@2x.png */; };
		D40D353C1C1E071F0019AC16 /* scissors-small.png in Resources */ = {isa = PBXBuildFile; fileRef = D40D349B1C1E071F0019AC16 /* scissors-small.png */; };
		D40D353D1C1E071F0019AC16 /* scissors-small@2x.png in Resources */ = {isa = PBXBuildFile; fileRef = D40D349C1C1E071F0019AC16 /* scissors-small@2x.png */; };
		D40D353E1C1E071F0019AC16 /* shotgun-small.png in Resources */ = {isa = PBXBuildFile; fileRef = D40D349D1C1E071F0019AC16 /* shotgun-small.png */; };
		D40D353F1C1E071F0019AC16 /* shotgun-small@2x.png in Resources */ = {isa = PBXBuildFile; fileRef = D40D349E1C1E071F0019AC16 /* shotgun-small@2x.png */; };
		D40D35401C1E071F0019AC16 /* slingshot-small.png in Resources */ = {isa = PBXBuildFile; fileRef = D40D349F1C1E071F0019AC16 /* slingshot-small.png */; };
		D40D35411C1E071F0019AC16 /* slingshot-small@2x.png in Resources */ = {isa = PBXBuildFile; fileRef = D40D34A01C1E071F0019AC16 /* slingshot-small@2x.png */; };
		D40D35421C1E071F0019AC16 /* stone-spear-small.png in Resources */ = {isa = PBXBuildFile; fileRef = D40D34A11C1E071F0019AC16 /* stone-spear-small.png */; };
		D40D35431C1E071F0019AC16 /* stone-spear-small@2x.png in Resources */ = {isa = PBXBuildFile; fileRef = D40D34A21C1E071F0019AC16 /* stone-spear-small@2x.png */; };
		D40D35441C1E071F0019AC16 /* thrown-daggers-small.png in Resources */ = {isa = PBXBuildFile; fileRef = D40D34A31C1E071F0019AC16 /* thrown-daggers-small.png */; };
		D40D35451C1E071F0019AC16 /* thrown-daggers-small@2x.png in Resources */ = {isa = PBXBuildFile; fileRef = D40D34A41C1E071F0019AC16 /* thrown-daggers-small@2x.png */; };
		D40D35461C1E071F0019AC16 /* bomb-arrow-tiny.png in Resources */ = {isa = PBXBuildFile; fileRef = D40D34A61C1E071F0019AC16 /* bomb-arrow-tiny.png */; };
		D40D35471C1E071F0019AC16 /* bomb-arrow-tiny@2x.png in Resources */ = {isa = PBXBuildFile; fileRef = D40D34A71C1E071F0019AC16 /* bomb-arrow-tiny@2x.png */; };
		D40D35481C1E071F0019AC16 /* boss-tiny.png in Resources */ = {isa = PBXBuildFile; fileRef = D40D34A81C1E071F0019AC16 /* boss-tiny.png */; };
		D40D35491C1E071F0019AC16 /* boss-tiny@2x.png in Resources */ = {isa = PBXBuildFile; fileRef = D40D34A91C1E071F0019AC16 /* boss-tiny@2x.png */; };
		D40D354A1C1E071F0019AC16 /* dragon-tiny.png in Resources */ = {isa = PBXBuildFile; fileRef = D40D34AA1C1E071F0019AC16 /* dragon-tiny.png */; };
		D40D354B1C1E071F0019AC16 /* dragon-tiny@2x.png in Resources */ = {isa = PBXBuildFile; fileRef = D40D34AB1C1E071F0019AC16 /* dragon-tiny@2x.png */; };
		D40D354C1C1E071F0019AC16 /* firecracker-tiny.png in Resources */ = {isa = PBXBuildFile; fileRef = D40D34AC1C1E071F0019AC16 /* firecracker-tiny.png */; };
		D40D354D1C1E071F0019AC16 /* firecracker-tiny@2x.png in Resources */ = {isa = PBXBuildFile; fileRef = D40D34AD1C1E071F0019AC16 /* firecracker-tiny@2x.png */; };
		D40D354E1C1E071F0019AC16 /* flamethrower-tiny.png in Resources */ = {isa = PBXBuildFile; fileRef = D40D34AE1C1E071F0019AC16 /* flamethrower-tiny.png */; };
		D40D354F1C1E071F0019AC16 /* flamethrower-tiny@2x.png in Resources */ = {isa = PBXBuildFile; fileRef = D40D34AF1C1E071F0019AC16 /* flamethrower-tiny@2x.png */; };
		D40D35501C1E071F0019AC16 /* flaming-arrow-tiny.png in Resources */ = {isa = PBXBuildFile; fileRef = D40D34B01C1E071F0019AC16 /* flaming-arrow-tiny.png */; };
		D40D35511C1E071F0019AC16 /* flaming-arrow-tiny@2x.png in Resources */ = {isa = PBXBuildFile; fileRef = D40D34B11C1E071F0019AC16 /* flaming-arrow-tiny@2x.png */; };
		D40D35521C1E071F0019AC16 /* flash-bang-tiny.png in Resources */ = {isa = PBXBuildFile; fileRef = D40D34B21C1E071F0019AC16 /* flash-bang-tiny.png */; };
		D40D35531C1E071F0019AC16 /* flash-bang-tiny@2x.png in Resources */ = {isa = PBXBuildFile; fileRef = D40D34B31C1E071F0019AC16 /* flash-bang-tiny@2x.png */; };
		D40D35541C1E071F0019AC16 /* grenade-tiny.png in Resources */ = {isa = PBXBuildFile; fileRef = D40D34B41C1E071F0019AC16 /* grenade-tiny.png */; };
		D40D35551C1E071F0019AC16 /* grenade-tiny@2x.png in Resources */ = {isa = PBXBuildFile; fileRef = D40D34B51C1E071F0019AC16 /* grenade-tiny@2x.png */; };
		D40D35561C1E071F0019AC16 /* hotsauce-tiny.png in Resources */ = {isa = PBXBuildFile; fileRef = D40D34B61C1E071F0019AC16 /* hotsauce-tiny.png */; };
		D40D35571C1E071F0019AC16 /* hotsauce-tiny@2x.png in Resources */ = {isa = PBXBuildFile; fileRef = D40D34B71C1E071F0019AC16 /* hotsauce-tiny@2x.png */; };
		D40D35581C1E071F0019AC16 /* hourglass-tiny.png in Resources */ = {isa = PBXBuildFile; fileRef = D40D34B81C1E071F0019AC16 /* hourglass-tiny.png */; };
		D40D35591C1E071F0019AC16 /* hourglass-tiny@2x.png in Resources */ = {isa = PBXBuildFile; fileRef = D40D34B91C1E071F0019AC16 /* hourglass-tiny@2x.png */; };
		D40D355A1C1E071F0019AC16 /* hydra-tiny.png in Resources */ = {isa = PBXBuildFile; fileRef = D40D34BA1C1E071F0019AC16 /* hydra-tiny.png */; };
		D40D355B1C1E071F0019AC16 /* hydra-tiny@2x.png in Resources */ = {isa = PBXBuildFile; fileRef = D40D34BB1C1E071F0019AC16 /* hydra-tiny@2x.png */; };
		D40D355C1C1E071F0019AC16 /* katana-tiny.png in Resources */ = {isa = PBXBuildFile; fileRef = D40D34BC1C1E071F0019AC16 /* katana-tiny.png */; };
		D40D355D1C1E071F0019AC16 /* katana-tiny@2x.png in Resources */ = {isa = PBXBuildFile; fileRef = D40D34BD1C1E071F0019AC16 /* katana-tiny@2x.png */; };
		D40D355E1C1E071F0019AC16 /* locked-tiny.png in Resources */ = {isa = PBXBuildFile; fileRef = D40D34BE1C1E071F0019AC16 /* locked-tiny.png */; };
		D40D355F1C1E071F0019AC16 /* locked-tiny@2x.png in Resources */ = {isa = PBXBuildFile; fileRef = D40D34BF1C1E071F0019AC16 /* locked-tiny@2x.png */; };
		D40D35601C1E071F0019AC16 /* machete-tiny.png in Resources */ = {isa = PBXBuildFile; fileRef = D40D34C01C1E071F0019AC16 /* machete-tiny.png */; };
		D40D35611C1E071F0019AC16 /* machete-tiny@2x.png in Resources */ = {isa = PBXBuildFile; fileRef = D40D34C11C1E071F0019AC16 /* machete-tiny@2x.png */; };
		D40D35621C1E071F0019AC16 /* medusa-tiny.png in Resources */ = {isa = PBXBuildFile; fileRef = D40D34C21C1E071F0019AC16 /* medusa-tiny.png */; };
		D40D35631C1E071F0019AC16 /* medusa-tiny@2x.png in Resources */ = {isa = PBXBuildFile; fileRef = D40D34C31C1E071F0019AC16 /* medusa-tiny@2x.png */; };
		D40D35641C1E071F0019AC16 /* meteor-tiny.png in Resources */ = {isa = PBXBuildFile; fileRef = D40D34C41C1E071F0019AC16 /* meteor-tiny.png */; };
		D40D35651C1E071F0019AC16 /* meteor-tiny@2x.png in Resources */ = {isa = PBXBuildFile; fileRef = D40D34C51C1E071F0019AC16 /* meteor-tiny@2x.png */; };
		D40D35661C1E071F0019AC16 /* missiles-tiny.png in Resources */ = {isa = PBXBuildFile; fileRef = D40D34C61C1E071F0019AC16 /* missiles-tiny.png */; };
		D40D35671C1E071F0019AC16 /* missiles-tiny@2x.png in Resources */ = {isa = PBXBuildFile; fileRef = D40D34C71C1E071F0019AC16 /* missiles-tiny@2x.png */; };
		D40D35681C1E071F0019AC16 /* moai-tiny.png in Resources */ = {isa = PBXBuildFile; fileRef = D40D34C81C1E071F0019AC16 /* moai-tiny.png */; };
		D40D35691C1E071F0019AC16 /* moai-tiny@2x.png in Resources */ = {isa = PBXBuildFile; fileRef = D40D34C91C1E071F0019AC16 /* moai-tiny@2x.png */; };
		D40D356A1C1E071F0019AC16 /* molotov-tiny.png in Resources */ = {isa = PBXBuildFile; fileRef = D40D34CA1C1E071F0019AC16 /* molotov-tiny.png */; };
		D40D356B1C1E071F0019AC16 /* molotov-tiny@2x.png in Resources */ = {isa = PBXBuildFile; fileRef = D40D34CB1C1E071F0019AC16 /* molotov-tiny@2x.png */; };
		D40D356C1C1E071F0019AC16 /* paper-tiny.png in Resources */ = {isa = PBXBuildFile; fileRef = D40D34CC1C1E071F0019AC16 /* paper-tiny.png */; };
		D40D356D1C1E071F0019AC16 /* paper-tiny@2x.png in Resources */ = {isa = PBXBuildFile; fileRef = D40D34CD1C1E071F0019AC16 /* paper-tiny@2x.png */; };
		D40D356E1C1E071F0019AC16 /* phoenix-tiny.png in Resources */ = {isa = PBXBuildFile; fileRef = D40D34CE1C1E071F0019AC16 /* phoenix-tiny.png */; };
		D40D356F1C1E071F0019AC16 /* phoenix-tiny@2x.png in Resources */ = {isa = PBXBuildFile; fileRef = D40D34CF1C1E071F0019AC16 /* phoenix-tiny@2x.png */; };
		D40D35701C1E071F0019AC16 /* poison-arrow-tiny.png in Resources */ = {isa = PBXBuildFile; fileRef = D40D34D01C1E071F0019AC16 /* poison-arrow-tiny.png */; };
		D40D35711C1E071F0019AC16 /* poison-arrow-tiny@2x.png in Resources */ = {isa = PBXBuildFile; fileRef = D40D34D11C1E071F0019AC16 /* poison-arrow-tiny@2x.png */; };
		D40D35721C1E071F0019AC16 /* revolver-tiny.png in Resources */ = {isa = PBXBuildFile; fileRef = D40D34D21C1E071F0019AC16 /* revolver-tiny.png */; };
		D40D35731C1E071F0019AC16 /* revolver-tiny@2x.png in Resources */ = {isa = PBXBuildFile; fileRef = D40D34D31C1E071F0019AC16 /* revolver-tiny@2x.png */; };
		D40D35741C1E071F0019AC16 /* rifle-tiny.png in Resources */ = {isa = PBXBuildFile; fileRef = D40D34D41C1E071F0019AC16 /* rifle-tiny.png */; };
		D40D35751C1E071F0019AC16 /* rifle-tiny@2x.png in Resources */ = {isa = PBXBuildFile; fileRef = D40D34D51C1E071F0019AC16 /* rifle-tiny@2x.png */; };
		D40D35761C1E071F0019AC16 /* rock-tiny.png in Resources */ = {isa = PBXBuildFile; fileRef = D40D34D61C1E071F0019AC16 /* rock-tiny.png */; };
		D40D35771C1E071F0019AC16 /* rock-tiny@2x.png in Resources */ = {isa = PBXBuildFile; fileRef = D40D34D71C1E071F0019AC16 /* rock-tiny@2x.png */; };
		D40D35781C1E071F0019AC16 /* rocket-tiny.png in Resources */ = {isa = PBXBuildFile; fileRef = D40D34D81C1E071F0019AC16 /* rocket-tiny.png */; };
		D40D35791C1E071F0019AC16 /* rocket-tiny@2x.png in Resources */ = {isa = PBXBuildFile; fileRef = D40D34D91C1E071F0019AC16 /* rocket-tiny@2x.png */; };
		D40D357A1C1E071F0019AC16 /* scarecrow-tiny.png in Resources */ = {isa = PBXBuildFile; fileRef = D40D34DA1C1E071F0019AC16 /* scarecrow-tiny.png */; };
		D40D357B1C1E071F0019AC16 /* scarecrow-tiny@2x.png in Resources */ = {isa = PBXBuildFile; fileRef = D40D34DB1C1E071F0019AC16 /* scarecrow-tiny@2x.png */; };
		D40D357C1C1E071F0019AC16 /* scissors-tiny.png in Resources */ = {isa = PBXBuildFile; fileRef = D40D34DC1C1E071F0019AC16 /* scissors-tiny.png */; };
		D40D357D1C1E071F0019AC16 /* scissors-tiny@2x.png in Resources */ = {isa = PBXBuildFile; fileRef = D40D34DD1C1E071F0019AC16 /* scissors-tiny@2x.png */; };
		D40D357E1C1E071F0019AC16 /* shotgun-tiny.png in Resources */ = {isa = PBXBuildFile; fileRef = D40D34DE1C1E071F0019AC16 /* shotgun-tiny.png */; };
		D40D357F1C1E071F0019AC16 /* shotgun-tiny@2x.png in Resources */ = {isa = PBXBuildFile; fileRef = D40D34DF1C1E071F0019AC16 /* shotgun-tiny@2x.png */; };
		D40D35801C1E071F0019AC16 /* slingshot-tiny.png in Resources */ = {isa = PBXBuildFile; fileRef = D40D34E01C1E071F0019AC16 /* slingshot-tiny.png */; };
		D40D35811C1E071F0019AC16 /* slingshot-tiny@2x.png in Resources */ = {isa = PBXBuildFile; fileRef = D40D34E11C1E071F0019AC16 /* slingshot-tiny@2x.png */; };
		D40D35821C1E071F0019AC16 /* stone-spear-tiny.png in Resources */ = {isa = PBXBuildFile; fileRef = D40D34E21C1E071F0019AC16 /* stone-spear-tiny.png */; };
		D40D35831C1E071F0019AC16 /* stone-spear-tiny@2x.png in Resources */ = {isa = PBXBuildFile; fileRef = D40D34E31C1E071F0019AC16 /* stone-spear-tiny@2x.png */; };
		D40D35841C1E071F0019AC16 /* thrown-daggers-tiny.png in Resources */ = {isa = PBXBuildFile; fileRef = D40D34E41C1E071F0019AC16 /* thrown-daggers-tiny.png */; };
		D40D35851C1E071F0019AC16 /* thrown-daggers-tiny@2x.png in Resources */ = {isa = PBXBuildFile; fileRef = D40D34E51C1E071F0019AC16 /* thrown-daggers-tiny@2x.png */; };
		D48259811BD363D400EF9DF5 /* main.m in Sources */ = {isa = PBXBuildFile; fileRef = D48259801BD363D400EF9DF5 /* main.m */; };
		D48259841BD363D400EF9DF5 /* AppDelegate.m in Sources */ = {isa = PBXBuildFile; fileRef = D48259831BD363D400EF9DF5 /* AppDelegate.m */; };
		D48259871BD363D400EF9DF5 /* ViewController.m in Sources */ = {isa = PBXBuildFile; fileRef = D48259861BD363D400EF9DF5 /* ViewController.m */; };
		D482598A1BD363D400EF9DF5 /* Main.storyboard in Resources */ = {isa = PBXBuildFile; fileRef = D48259881BD363D400EF9DF5 /* Main.storyboard */; };
		D482598C1BD363D400EF9DF5 /* Assets.xcassets in Resources */ = {isa = PBXBuildFile; fileRef = D482598B1BD363D400EF9DF5 /* Assets.xcassets */; };
		D482598F1BD363D400EF9DF5 /* LaunchScreen.storyboard in Resources */ = {isa = PBXBuildFile; fileRef = D482598D1BD363D400EF9DF5 /* LaunchScreen.storyboard */; };
		D482599A1BD363D400EF9DF5 /* Rock_Paper_MissilesTests.m in Sources */ = {isa = PBXBuildFile; fileRef = D48259991BD363D400EF9DF5 /* Rock_Paper_MissilesTests.m */; };
		D48259A51BD363D400EF9DF5 /* Rock_Paper_MissilesUITests.m in Sources */ = {isa = PBXBuildFile; fileRef = D48259A41BD363D400EF9DF5 /* Rock_Paper_MissilesUITests.m */; };
		D48259B31BD367F500EF9DF5 /* Main_iPad.storyboard in Resources */ = {isa = PBXBuildFile; fileRef = D48259B21BD367F500EF9DF5 /* Main_iPad.storyboard */; };
/* End PBXBuildFile section */

/* Begin PBXContainerItemProxy section */
		D48259961BD363D400EF9DF5 /* PBXContainerItemProxy */ = {
			isa = PBXContainerItemProxy;
			containerPortal = D48259741BD363D400EF9DF5 /* Project object */;
			proxyType = 1;
			remoteGlobalIDString = D482597B1BD363D400EF9DF5;
			remoteInfo = "Rock Paper Missiles";
		};
		D48259A11BD363D400EF9DF5 /* PBXContainerItemProxy */ = {
			isa = PBXContainerItemProxy;
			containerPortal = D48259741BD363D400EF9DF5 /* Project object */;
			proxyType = 1;
			remoteGlobalIDString = D482597B1BD363D400EF9DF5;
			remoteInfo = "Rock Paper Missiles";
		};
/* End PBXContainerItemProxy section */

/* Begin PBXFileReference section */
		D405E84D1BD4F60F0000A5E5 /* About_iPhone.h */ = {isa = PBXFileReference; fileEncoding = 4; lastKnownFileType = sourcecode.c.h; path = About_iPhone.h; sourceTree = "<group>"; };
		D405E84E1BD4F60F0000A5E5 /* About_iPhone.m */ = {isa = PBXFileReference; fileEncoding = 4; lastKnownFileType = sourcecode.c.objc; path = About_iPhone.m; sourceTree = "<group>"; };
		D405E84F1BD4F60F0000A5E5 /* Rush_iPhone.h */ = {isa = PBXFileReference; fileEncoding = 4; lastKnownFileType = sourcecode.c.h; path = Rush_iPhone.h; sourceTree = "<group>"; };
		D405E8501BD4F60F0000A5E5 /* Rush_iPhone.m */ = {isa = PBXFileReference; fileEncoding = 4; lastKnownFileType = sourcecode.c.objc; path = Rush_iPhone.m; sourceTree = "<group>"; };
		D405E8511BD4F60F0000A5E5 /* Supremacy_iPhone.h */ = {isa = PBXFileReference; fileEncoding = 4; lastKnownFileType = sourcecode.c.h; path = Supremacy_iPhone.h; sourceTree = "<group>"; };
		D405E8521BD4F60F0000A5E5 /* Supremacy_iPhone.m */ = {isa = PBXFileReference; fileEncoding = 4; lastKnownFileType = sourcecode.c.objc; path = Supremacy_iPhone.m; sourceTree = "<group>"; };
		D405E8531BD4F60F0000A5E5 /* ViewController_iPad.h */ = {isa = PBXFileReference; fileEncoding = 4; lastKnownFileType = sourcecode.c.h; path = ViewController_iPad.h; sourceTree = "<group>"; };
		D405E8541BD4F60F0000A5E5 /* ViewController_iPad.m */ = {isa = PBXFileReference; fileEncoding = 4; lastKnownFileType = sourcecode.c.objc; path = ViewController_iPad.m; sourceTree = "<group>"; };
		D40D34421C1E071F0019AC16 /* CLICK01.wav */ = {isa = PBXFileReference; lastKnownFileType = audio.wav; path = CLICK01.wav; sourceTree = "<group>"; };
		D40D34431C1E071F0019AC16 /* CLICK02.wav */ = {isa = PBXFileReference; lastKnownFileType = audio.wav; path = CLICK02.wav; sourceTree = "<group>"; };
		D40D34441C1E071F0019AC16 /* CLICK04.wav */ = {isa = PBXFileReference; lastKnownFileType = audio.wav; path = CLICK04.wav; sourceTree = "<group>"; };
		D40D34451C1E071F0019AC16 /* CLICK07.wav */ = {isa = PBXFileReference; lastKnownFileType = audio.wav; path = CLICK07.wav; sourceTree = "<group>"; };
		D40D34461C1E071F0019AC16 /* close.png */ = {isa = PBXFileReference; lastKnownFileType = image.png; path = close.png; sourceTree = "<group>"; };
		D40D34471C1E071F0019AC16 /* close@2x.png */ = {isa = PBXFileReference; lastKnownFileType = image.png; path = "close@2x.png"; sourceTree = "<group>"; };
		D40D34491C1E071F0019AC16 /* durability-1.png */ = {isa = PBXFileReference; lastKnownFileType = image.png; path = "durability-1.png"; sourceTree = "<group>"; };
		D40D344A1C1E071F0019AC16 /* durability-1@2x.png */ = {isa = PBXFileReference; lastKnownFileType = image.png; path = "durability-1@2x.png"; sourceTree = "<group>"; };
		D40D344B1C1E071F0019AC16 /* durability-2.png */ = {isa = PBXFileReference; lastKnownFileType = image.png; path = "durability-2.png"; sourceTree = "<group>"; };
		D40D344C1C1E071F0019AC16 /* durability-2@2x.png */ = {isa = PBXFileReference; lastKnownFileType = image.png; path = "durability-2@2x.png"; sourceTree = "<group>"; };
		D40D344D1C1E071F0019AC16 /* durability-3.png */ = {isa = PBXFileReference; lastKnownFileType = image.png; path = "durability-3.png"; sourceTree = "<group>"; };
		D40D344E1C1E071F0019AC16 /* durability-3@2x.png */ = {isa = PBXFileReference; lastKnownFileType = image.png; path = "durability-3@2x.png"; sourceTree = "<group>"; };
		D40D344F1C1E071F0019AC16 /* durability-0.png */ = {isa = PBXFileReference; lastKnownFileType = image.png; path = "durability-0.png"; sourceTree = "<group>"; };
		D40D34501C1E071F0019AC16 /* durability-0@2x.png */ = {isa = PBXFileReference; lastKnownFileType = image.png; path = "durability-0@2x.png"; sourceTree = "<group>"; };
		D40D34511C1E071F0019AC16 /* durability-1.png */ = {isa = PBXFileReference; lastKnownFileType = image.png; path = "durability-1.png"; sourceTree = "<group>"; };
		D40D34521C1E071F0019AC16 /* durability-1@2x.png */ = {isa = PBXFileReference; lastKnownFileType = image.png; path = "durability-1@2x.png"; sourceTree = "<group>"; };
		D40D34531C1E071F0019AC16 /* durability-2.png */ = {isa = PBXFileReference; lastKnownFileType = image.png; path = "durability-2.png"; sourceTree = "<group>"; };
		D40D34541C1E071F0019AC16 /* durability-2@2x.png */ = {isa = PBXFileReference; lastKnownFileType = image.png; path = "durability-2@2x.png"; sourceTree = "<group>"; };
		D40D34551C1E071F0019AC16 /* durability-3.png */ = {isa = PBXFileReference; lastKnownFileType = image.png; path = "durability-3.png"; sourceTree = "<group>"; };
		D40D34561C1E071F0019AC16 /* durability-3@2x.png */ = {isa = PBXFileReference; lastKnownFileType = image.png; path = "durability-3@2x.png"; sourceTree = "<group>"; };
		D40D34571C1E071F0019AC16 /* introsound01.mp3 */ = {isa = PBXFileReference; lastKnownFileType = audio.mp3; path = introsound01.mp3; sourceTree = "<group>"; };
		D40D34581C1E071F0019AC16 /* iTunesArtwork.png */ = {isa = PBXFileReference; lastKnownFileType = image.png; path = iTunesArtwork.png; sourceTree = "<group>"; };
		D40D34591C1E071F0019AC16 /* menu-button-pressed.png */ = {isa = PBXFileReference; lastKnownFileType = image.png; path = "menu-button-pressed.png"; sourceTree = "<group>"; };
		D40D345A1C1E071F0019AC16 /* menu-button-pressed@2x.png */ = {isa = PBXFileReference; lastKnownFileType = image.png; path = "menu-button-pressed@2x.png"; sourceTree = "<group>"; };
		D40D345B1C1E071F0019AC16 /* menu-button.png */ = {isa = PBXFileReference; lastKnownFileType = image.png; path = "menu-button.png"; sourceTree = "<group>"; };
		D40D345C1C1E071F0019AC16 /* menu-button@2x.png */ = {isa = PBXFileReference; lastKnownFileType = image.png; path = "menu-button@2x.png"; sourceTree = "<group>"; };
		D40D345E1C1E071F0019AC16 /* iTunesArtwork.psd */ = {isa = PBXFileReference; lastKnownFileType = file; path = iTunesArtwork.psd; sourceTree = "<group>"; };
		D40D345F1C1E071F0019AC16 /* pokerface006.mp3 */ = {isa = PBXFileReference; lastKnownFileType = audio.mp3; path = pokerface006.mp3; sourceTree = "<group>"; };
		D40D34601C1E071F0019AC16 /* shuffle-pressed.png */ = {isa = PBXFileReference; lastKnownFileType = image.png; path = "shuffle-pressed.png"; sourceTree = "<group>"; };
		D40D34611C1E071F0019AC16 /* shuffle-pressed@2x.png */ = {isa = PBXFileReference; lastKnownFileType = image.png; path = "shuffle-pressed@2x.png"; sourceTree = "<group>"; };
		D40D34621C1E071F0019AC16 /* shuffle.png */ = {isa = PBXFileReference; lastKnownFileType = image.png; path = shuffle.png; sourceTree = "<group>"; };
		D40D34631C1E071F0019AC16 /* shuffle@2x.png */ = {isa = PBXFileReference; lastKnownFileType = image.png; path = "shuffle@2x.png"; sourceTree = "<group>"; };
		D40D34651C1E071F0019AC16 /* bomb-arrow-small.png */ = {isa = PBXFileReference; lastKnownFileType = image.png; path = "bomb-arrow-small.png"; sourceTree = "<group>"; };
		D40D34661C1E071F0019AC16 /* bomb-arrow-small@2x.png */ = {isa = PBXFileReference; lastKnownFileType = image.png; path = "bomb-arrow-small@2x.png"; sourceTree = "<group>"; };
		D40D34671C1E071F0019AC16 /* boss-small.png */ = {isa = PBXFileReference; lastKnownFileType = image.png; path = "boss-small.png"; sourceTree = "<group>"; };
		D40D34681C1E071F0019AC16 /* boss-small@2x.png */ = {isa = PBXFileReference; lastKnownFileType = image.png; path = "boss-small@2x.png"; sourceTree = "<group>"; };
		D40D34691C1E071F0019AC16 /* dragon-small.png */ = {isa = PBXFileReference; lastKnownFileType = image.png; path = "dragon-small.png"; sourceTree = "<group>"; };
		D40D346A1C1E071F0019AC16 /* dragon-small@2x.png */ = {isa = PBXFileReference; lastKnownFileType = image.png; path = "dragon-small@2x.png"; sourceTree = "<group>"; };
		D40D346B1C1E071F0019AC16 /* firecracker-small.png */ = {isa = PBXFileReference; lastKnownFileType = image.png; path = "firecracker-small.png"; sourceTree = "<group>"; };
		D40D346C1C1E071F0019AC16 /* firecracker-small@2x.png */ = {isa = PBXFileReference; lastKnownFileType = image.png; path = "firecracker-small@2x.png"; sourceTree = "<group>"; };
		D40D346D1C1E071F0019AC16 /* flamethrower-small.png */ = {isa = PBXFileReference; lastKnownFileType = image.png; path = "flamethrower-small.png"; sourceTree = "<group>"; };
		D40D346E1C1E071F0019AC16 /* flamethrower-small@2x.png */ = {isa = PBXFileReference; lastKnownFileType = image.png; path = "flamethrower-small@2x.png"; sourceTree = "<group>"; };
		D40D346F1C1E071F0019AC16 /* flaming-arrow-small.png */ = {isa = PBXFileReference; lastKnownFileType = image.png; path = "flaming-arrow-small.png"; sourceTree = "<group>"; };
		D40D34701C1E071F0019AC16 /* flaming-arrow-small@2x.png */ = {isa = PBXFileReference; lastKnownFileType = image.png; path = "flaming-arrow-small@2x.png"; sourceTree = "<group>"; };
		D40D34711C1E071F0019AC16 /* flash-bang-small.png */ = {isa = PBXFileReference; lastKnownFileType = image.png; path = "flash-bang-small.png"; sourceTree = "<group>"; };
		D40D34721C1E071F0019AC16 /* flash-bang-small@2x.png */ = {isa = PBXFileReference; lastKnownFileType = image.png; path = "flash-bang-small@2x.png"; sourceTree = "<group>"; };
		D40D34731C1E071F0019AC16 /* grenade-small.png */ = {isa = PBXFileReference; lastKnownFileType = image.png; path = "grenade-small.png"; sourceTree = "<group>"; };
		D40D34741C1E071F0019AC16 /* grenade-small@2x.png */ = {isa = PBXFileReference; lastKnownFileType = image.png; path = "grenade-small@2x.png"; sourceTree = "<group>"; };
		D40D34751C1E071F0019AC16 /* hotsauce-small.png */ = {isa = PBXFileReference; lastKnownFileType = image.png; path = "hotsauce-small.png"; sourceTree = "<group>"; };
		D40D34761C1E071F0019AC16 /* hotsauce-small@2x.png */ = {isa = PBXFileReference; lastKnownFileType = image.png; path = "hotsauce-small@2x.png"; sourceTree = "<group>"; };
		D40D34771C1E071F0019AC16 /* hourglass-small.png */ = {isa = PBXFileReference; lastKnownFileType = image.png; path = "hourglass-small.png"; sourceTree = "<group>"; };
		D40D34781C1E071F0019AC16 /* hourglass-small@2x.png */ = {isa = PBXFileReference; lastKnownFileType = image.png; path = "hourglass-small@2x.png"; sourceTree = "<group>"; };
		D40D34791C1E071F0019AC16 /* hydra-small.png */ = {isa = PBXFileReference; lastKnownFileType = image.png; path = "hydra-small.png"; sourceTree = "<group>"; };
		D40D347A1C1E071F0019AC16 /* hydra-small@2x.png */ = {isa = PBXFileReference; lastKnownFileType = image.png; path = "hydra-small@2x.png"; sourceTree = "<group>"; };
		D40D347B1C1E071F0019AC16 /* katana-small.png */ = {isa = PBXFileReference; lastKnownFileType = image.png; path = "katana-small.png"; sourceTree = "<group>"; };
		D40D347C1C1E071F0019AC16 /* katana-small@2x.png */ = {isa = PBXFileReference; lastKnownFileType = image.png; path = "katana-small@2x.png"; sourceTree = "<group>"; };
		D40D347D1C1E071F0019AC16 /* locked-small.png */ = {isa = PBXFileReference; lastKnownFileType = image.png; path = "locked-small.png"; sourceTree = "<group>"; };
		D40D347E1C1E071F0019AC16 /* locked-small@2x.png */ = {isa = PBXFileReference; lastKnownFileType = image.png; path = "locked-small@2x.png"; sourceTree = "<group>"; };
		D40D347F1C1E071F0019AC16 /* machete-small.png */ = {isa = PBXFileReference; lastKnownFileType = image.png; path = "machete-small.png"; sourceTree = "<group>"; };
		D40D34801C1E071F0019AC16 /* machete-small@2x.png */ = {isa = PBXFileReference; lastKnownFileType = image.png; path = "machete-small@2x.png"; sourceTree = "<group>"; };
		D40D34811C1E071F0019AC16 /* medusa-small.png */ = {isa = PBXFileReference; lastKnownFileType = image.png; path = "medusa-small.png"; sourceTree = "<group>"; };
		D40D34821C1E071F0019AC16 /* medusa-small@2x.png */ = {isa = PBXFileReference; lastKnownFileType = image.png; path = "medusa-small@2x.png"; sourceTree = "<group>"; };
		D40D34831C1E071F0019AC16 /* meteor-small.png */ = {isa = PBXFileReference; lastKnownFileType = image.png; path = "meteor-small.png"; sourceTree = "<group>"; };
		D40D34841C1E071F0019AC16 /* meteor-small@2x.png */ = {isa = PBXFileReference; lastKnownFileType = image.png; path = "meteor-small@2x.png"; sourceTree = "<group>"; };
		D40D34851C1E071F0019AC16 /* missiles-small.png */ = {isa = PBXFileReference; lastKnownFileType = image.png; path = "missiles-small.png"; sourceTree = "<group>"; };
		D40D34861C1E071F0019AC16 /* missiles-small@2x.png */ = {isa = PBXFileReference; lastKnownFileType = image.png; path = "missiles-small@2x.png"; sourceTree = "<group>"; };
		D40D34871C1E071F0019AC16 /* moai-small.png */ = {isa = PBXFileReference; lastKnownFileType = image.png; path = "moai-small.png"; sourceTree = "<group>"; };
		D40D34881C1E071F0019AC16 /* moai-small@2x.png */ = {isa = PBXFileReference; lastKnownFileType = image.png; path = "moai-small@2x.png"; sourceTree = "<group>"; };
		D40D34891C1E071F0019AC16 /* molotov-small.png */ = {isa = PBXFileReference; lastKnownFileType = image.png; path = "molotov-small.png"; sourceTree = "<group>"; };
		D40D348A1C1E071F0019AC16 /* molotov-small@2x.png */ = {isa = PBXFileReference; lastKnownFileType = image.png; path = "molotov-small@2x.png"; sourceTree = "<group>"; };
		D40D348B1C1E071F0019AC16 /* paper-small.png */ = {isa = PBXFileReference; lastKnownFileType = image.png; path = "paper-small.png"; sourceTree = "<group>"; };
		D40D348C1C1E071F0019AC16 /* paper-small@2x.png */ = {isa = PBXFileReference; lastKnownFileType = image.png; path = "paper-small@2x.png"; sourceTree = "<group>"; };
		D40D348D1C1E071F0019AC16 /* phoenix-small.png */ = {isa = PBXFileReference; lastKnownFileType = image.png; path = "phoenix-small.png"; sourceTree = "<group>"; };
		D40D348E1C1E071F0019AC16 /* phoenix-small@2x.png */ = {isa = PBXFileReference; lastKnownFileType = image.png; path = "phoenix-small@2x.png"; sourceTree = "<group>"; };
		D40D348F1C1E071F0019AC16 /* poison-arrow-small.png */ = {isa = PBXFileReference; lastKnownFileType = image.png; path = "poison-arrow-small.png"; sourceTree = "<group>"; };
		D40D34901C1E071F0019AC16 /* poison-arrow-small@2x.png */ = {isa = PBXFileReference; lastKnownFileType = image.png; path = "poison-arrow-small@2x.png"; sourceTree = "<group>"; };
		D40D34911C1E071F0019AC16 /* revolver-small.png */ = {isa = PBXFileReference; lastKnownFileType = image.png; path = "revolver-small.png"; sourceTree = "<group>"; };
		D40D34921C1E071F0019AC16 /* revolver-small@2x.png */ = {isa = PBXFileReference; lastKnownFileType = image.png; path = "revolver-small@2x.png"; sourceTree = "<group>"; };
		D40D34931C1E071F0019AC16 /* rifle-small.png */ = {isa = PBXFileReference; lastKnownFileType = image.png; path = "rifle-small.png"; sourceTree = "<group>"; };
		D40D34941C1E071F0019AC16 /* rifle-small@2x.png */ = {isa = PBXFileReference; lastKnownFileType = image.png; path = "rifle-small@2x.png"; sourceTree = "<group>"; };
		D40D34951C1E071F0019AC16 /* rock-small.png */ = {isa = PBXFileReference; lastKnownFileType = image.png; path = "rock-small.png"; sourceTree = "<group>"; };
		D40D34961C1E071F0019AC16 /* rock-small@2x.png */ = {isa = PBXFileReference; lastKnownFileType = image.png; path = "rock-small@2x.png"; sourceTree = "<group>"; };
		D40D34971C1E071F0019AC16 /* rocket-small.png */ = {isa = PBXFileReference; lastKnownFileType = image.png; path = "rocket-small.png"; sourceTree = "<group>"; };
		D40D34981C1E071F0019AC16 /* rocket-small@2x.png */ = {isa = PBXFileReference; lastKnownFileType = image.png; path = "rocket-small@2x.png"; sourceTree = "<group>"; };
		D40D34991C1E071F0019AC16 /* scarecrow-small.png */ = {isa = PBXFileReference; lastKnownFileType = image.png; path = "scarecrow-small.png"; sourceTree = "<group>"; };
		D40D349A1C1E071F0019AC16 /* scarecrow-small@2x.png */ = {isa = PBXFileReference; lastKnownFileType = image.png; path = "scarecrow-small@2x.png"; sourceTree = "<group>"; };
		D40D349B1C1E071F0019AC16 /* scissors-small.png */ = {isa = PBXFileReference; lastKnownFileType = image.png; path = "scissors-small.png"; sourceTree = "<group>"; };
		D40D349C1C1E071F0019AC16 /* scissors-small@2x.png */ = {isa = PBXFileReference; lastKnownFileType = image.png; path = "scissors-small@2x.png"; sourceTree = "<group>"; };
		D40D349D1C1E071F0019AC16 /* shotgun-small.png */ = {isa = PBXFileReference; lastKnownFileType = image.png; path = "shotgun-small.png"; sourceTree = "<group>"; };
		D40D349E1C1E071F0019AC16 /* shotgun-small@2x.png */ = {isa = PBXFileReference; lastKnownFileType = image.png; path = "shotgun-small@2x.png"; sourceTree = "<group>"; };
		D40D349F1C1E071F0019AC16 /* slingshot-small.png */ = {isa = PBXFileReference; lastKnownFileType = image.png; path = "slingshot-small.png"; sourceTree = "<group>"; };
		D40D34A01C1E071F0019AC16 /* slingshot-small@2x.png */ = {isa = PBXFileReference; lastKnownFileType = image.png; path = "slingshot-small@2x.png"; sourceTree = "<group>"; };
		D40D34A11C1E071F0019AC16 /* stone-spear-small.png */ = {isa = PBXFileReference; lastKnownFileType = image.png; path = "stone-spear-small.png"; sourceTree = "<group>"; };
		D40D34A21C1E071F0019AC16 /* stone-spear-small@2x.png */ = {isa = PBXFileReference; lastKnownFileType = image.png; path = "stone-spear-small@2x.png"; sourceTree = "<group>"; };
		D40D34A31C1E071F0019AC16 /* thrown-daggers-small.png */ = {isa = PBXFileReference; lastKnownFileType = image.png; path = "thrown-daggers-small.png"; sourceTree = "<group>"; };
		D40D34A41C1E071F0019AC16 /* thrown-daggers-small@2x.png */ = {isa = PBXFileReference; lastKnownFileType = image.png; path = "thrown-daggers-small@2x.png"; sourceTree = "<group>"; };
		D40D34A61C1E071F0019AC16 /* bomb-arrow-tiny.png */ = {isa = PBXFileReference; lastKnownFileType = image.png; path = "bomb-arrow-tiny.png"; sourceTree = "<group>"; };
		D40D34A71C1E071F0019AC16 /* bomb-arrow-tiny@2x.png */ = {isa = PBXFileReference; lastKnownFileType = image.png; path = "bomb-arrow-tiny@2x.png"; sourceTree = "<group>"; };
		D40D34A81C1E071F0019AC16 /* boss-tiny.png */ = {isa = PBXFileReference; lastKnownFileType = image.png; path = "boss-tiny.png"; sourceTree = "<group>"; };
		D40D34A91C1E071F0019AC16 /* boss-tiny@2x.png */ = {isa = PBXFileReference; lastKnownFileType = image.png; path = "boss-tiny@2x.png"; sourceTree = "<group>"; };
		D40D34AA1C1E071F0019AC16 /* dragon-tiny.png */ = {isa = PBXFileReference; lastKnownFileType = image.png; path = "dragon-tiny.png"; sourceTree = "<group>"; };
		D40D34AB1C1E071F0019AC16 /* dragon-tiny@2x.png */ = {isa = PBXFileReference; lastKnownFileType = image.png; path = "dragon-tiny@2x.png"; sourceTree = "<group>"; };
		D40D34AC1C1E071F0019AC16 /* firecracker-tiny.png */ = {isa = PBXFileReference; lastKnownFileType = image.png; path = "firecracker-tiny.png"; sourceTree = "<group>"; };
		D40D34AD1C1E071F0019AC16 /* firecracker-tiny@2x.png */ = {isa = PBXFileReference; lastKnownFileType = image.png; path = "firecracker-tiny@2x.png"; sourceTree = "<group>"; };
		D40D34AE1C1E071F0019AC16 /* flamethrower-tiny.png */ = {isa = PBXFileReference; lastKnownFileType = image.png; path = "flamethrower-tiny.png"; sourceTree = "<group>"; };
		D40D34AF1C1E071F0019AC16 /* flamethrower-tiny@2x.png */ = {isa = PBXFileReference; lastKnownFileType = image.png; path = "flamethrower-tiny@2x.png"; sourceTree = "<group>"; };
		D40D34B01C1E071F0019AC16 /* flaming-arrow-tiny.png */ = {isa = PBXFileReference; lastKnownFileType = image.png; path = "flaming-arrow-tiny.png"; sourceTree = "<group>"; };
		D40D34B11C1E071F0019AC16 /* flaming-arrow-tiny@2x.png */ = {isa = PBXFileReference; lastKnownFileType = image.png; path = "flaming-arrow-tiny@2x.png"; sourceTree = "<group>"; };
		D40D34B21C1E071F0019AC16 /* flash-bang-tiny.png */ = {isa = PBXFileReference; lastKnownFileType = image.png; path = "flash-bang-tiny.png"; sourceTree = "<group>"; };
		D40D34B31C1E071F0019AC16 /* flash-bang-tiny@2x.png */ = {isa = PBXFileReference; lastKnownFileType = image.png; path = "flash-bang-tiny@2x.png"; sourceTree = "<group>"; };
		D40D34B41C1E071F0019AC16 /* grenade-tiny.png */ = {isa = PBXFileReference; lastKnownFileType = image.png; path = "grenade-tiny.png"; sourceTree = "<group>"; };
		D40D34B51C1E071F0019AC16 /* grenade-tiny@2x.png */ = {isa = PBXFileReference; lastKnownFileType = image.png; path = "grenade-tiny@2x.png"; sourceTree = "<group>"; };
		D40D34B61C1E071F0019AC16 /* hotsauce-tiny.png */ = {isa = PBXFileReference; lastKnownFileType = image.png; path = "hotsauce-tiny.png"; sourceTree = "<group>"; };
		D40D34B71C1E071F0019AC16 /* hotsauce-tiny@2x.png */ = {isa = PBXFileReference; lastKnownFileType = image.png; path = "hotsauce-tiny@2x.png"; sourceTree = "<group>"; };
		D40D34B81C1E071F0019AC16 /* hourglass-tiny.png */ = {isa = PBXFileReference; lastKnownFileType = image.png; path = "hourglass-tiny.png"; sourceTree = "<group>"; };
		D40D34B91C1E071F0019AC16 /* hourglass-tiny@2x.png */ = {isa = PBXFileReference; lastKnownFileType = image.png; path = "hourglass-tiny@2x.png"; sourceTree = "<group>"; };
		D40D34BA1C1E071F0019AC16 /* hydra-tiny.png */ = {isa = PBXFileReference; lastKnownFileType = image.png; path = "hydra-tiny.png"; sourceTree = "<group>"; };
		D40D34BB1C1E071F0019AC16 /* hydra-tiny@2x.png */ = {isa = PBXFileReference; lastKnownFileType = image.png; path = "hydra-tiny@2x.png"; sourceTree = "<group>"; };
		D40D34BC1C1E071F0019AC16 /* katana-tiny.png */ = {isa = PBXFileReference; lastKnownFileType = image.png; path = "katana-tiny.png"; sourceTree = "<group>"; };
		D40D34BD1C1E071F0019AC16 /* katana-tiny@2x.png */ = {isa = PBXFileReference; lastKnownFileType = image.png; path = "katana-tiny@2x.png"; sourceTree = "<group>"; };
		D40D34BE1C1E071F0019AC16 /* locked-tiny.png */ = {isa = PBXFileReference; lastKnownFileType = image.png; path = "locked-tiny.png"; sourceTree = "<group>"; };
		D40D34BF1C1E071F0019AC16 /* locked-tiny@2x.png */ = {isa = PBXFileReference; lastKnownFileType = image.png; path = "locked-tiny@2x.png"; sourceTree = "<group>"; };
		D40D34C01C1E071F0019AC16 /* machete-tiny.png */ = {isa = PBXFileReference; lastKnownFileType = image.png; path = "machete-tiny.png"; sourceTree = "<group>"; };
		D40D34C11C1E071F0019AC16 /* machete-tiny@2x.png */ = {isa = PBXFileReference; lastKnownFileType = image.png; path = "machete-tiny@2x.png"; sourceTree = "<group>"; };
		D40D34C21C1E071F0019AC16 /* medusa-tiny.png */ = {isa = PBXFileReference; lastKnownFileType = image.png; path = "medusa-tiny.png"; sourceTree = "<group>"; };
		D40D34C31C1E071F0019AC16 /* medusa-tiny@2x.png */ = {isa = PBXFileReference; lastKnownFileType = image.png; path = "medusa-tiny@2x.png"; sourceTree = "<group>"; };
		D40D34C41C1E071F0019AC16 /* meteor-tiny.png */ = {isa = PBXFileReference; lastKnownFileType = image.png; path = "meteor-tiny.png"; sourceTree = "<group>"; };
		D40D34C51C1E071F0019AC16 /* meteor-tiny@2x.png */ = {isa = PBXFileReference; lastKnownFileType = image.png; path = "meteor-tiny@2x.png"; sourceTree = "<group>"; };
		D40D34C61C1E071F0019AC16 /* missiles-tiny.png */ = {isa = PBXFileReference; lastKnownFileType = image.png; path = "missiles-tiny.png"; sourceTree = "<group>"; };
		D40D34C71C1E071F0019AC16 /* missiles-tiny@2x.png */ = {isa = PBXFileReference; lastKnownFileType = image.png; path = "missiles-tiny@2x.png"; sourceTree = "<group>"; };
		D40D34C81C1E071F0019AC16 /* moai-tiny.png */ = {isa = PBXFileReference; lastKnownFileType = image.png; path = "moai-tiny.png"; sourceTree = "<group>"; };
		D40D34C91C1E071F0019AC16 /* moai-tiny@2x.png */ = {isa = PBXFileReference; lastKnownFileType = image.png; path = "moai-tiny@2x.png"; sourceTree = "<group>"; };
		D40D34CA1C1E071F0019AC16 /* molotov-tiny.png */ = {isa = PBXFileReference; lastKnownFileType = image.png; path = "molotov-tiny.png"; sourceTree = "<group>"; };
		D40D34CB1C1E071F0019AC16 /* molotov-tiny@2x.png */ = {isa = PBXFileReference; lastKnownFileType = image.png; path = "molotov-tiny@2x.png"; sourceTree = "<group>"; };
		D40D34CC1C1E071F0019AC16 /* paper-tiny.png */ = {isa = PBXFileReference; lastKnownFileType = image.png; path = "paper-tiny.png"; sourceTree = "<group>"; };
		D40D34CD1C1E071F0019AC16 /* paper-tiny@2x.png */ = {isa = PBXFileReference; lastKnownFileType = image.png; path = "paper-tiny@2x.png"; sourceTree = "<group>"; };
		D40D34CE1C1E071F0019AC16 /* phoenix-tiny.png */ = {isa = PBXFileReference; lastKnownFileType = image.png; path = "phoenix-tiny.png"; sourceTree = "<group>"; };
		D40D34CF1C1E071F0019AC16 /* phoenix-tiny@2x.png */ = {isa = PBXFileReference; lastKnownFileType = image.png; path = "phoenix-tiny@2x.png"; sourceTree = "<group>"; };
		D40D34D01C1E071F0019AC16 /* poison-arrow-tiny.png */ = {isa = PBXFileReference; lastKnownFileType = image.png; path = "poison-arrow-tiny.png"; sourceTree = "<group>"; };
		D40D34D11C1E071F0019AC16 /* poison-arrow-tiny@2x.png */ = {isa = PBXFileReference; lastKnownFileType = image.png; path = "poison-arrow-tiny@2x.png"; sourceTree = "<group>"; };
		D40D34D21C1E071F0019AC16 /* revolver-tiny.png */ = {isa = PBXFileReference; lastKnownFileType = image.png; path = "revolver-tiny.png"; sourceTree = "<group>"; };
		D40D34D31C1E071F0019AC16 /* revolver-tiny@2x.png */ = {isa = PBXFileReference; lastKnownFileType = image.png; path = "revolver-tiny@2x.png"; sourceTree = "<group>"; };
		D40D34D41C1E071F0019AC16 /* rifle-tiny.png */ = {isa = PBXFileReference; lastKnownFileType = image.png; path = "rifle-tiny.png"; sourceTree = "<group>"; };
		D40D34D51C1E071F0019AC16 /* rifle-tiny@2x.png */ = {isa = PBXFileReference; lastKnownFileType = image.png; path = "rifle-tiny@2x.png"; sourceTree = "<group>"; };
		D40D34D61C1E071F0019AC16 /* rock-tiny.png */ = {isa = PBXFileReference; lastKnownFileType = image.png; path = "rock-tiny.png"; sourceTree = "<group>"; };
		D40D34D71C1E071F0019AC16 /* rock-tiny@2x.png */ = {isa = PBXFileReference; lastKnownFileType = image.png; path = "rock-tiny@2x.png"; sourceTree = "<group>"; };
		D40D34D81C1E071F0019AC16 /* rocket-tiny.png */ = {isa = PBXFileReference; lastKnownFileType = image.png; path = "rocket-tiny.png"; sourceTree = "<group>"; };
		D40D34D91C1E071F0019AC16 /* rocket-tiny@2x.png */ = {isa = PBXFileReference; lastKnownFileType = image.png; path = "rocket-tiny@2x.png"; sourceTree = "<group>"; };
		D40D34DA1C1E071F0019AC16 /* scarecrow-tiny.png */ = {isa = PBXFileReference; lastKnownFileType = image.png; path = "scarecrow-tiny.png"; sourceTree = "<group>"; };
		D40D34DB1C1E071F0019AC16 /* scarecrow-tiny@2x.png */ = {isa = PBXFileReference; lastKnownFileType = image.png; path = "scarecrow-tiny@2x.png"; sourceTree = "<group>"; };
		D40D34DC1C1E071F0019AC16 /* scissors-tiny.png */ = {isa = PBXFileReference; lastKnownFileType = image.png; path = "scissors-tiny.png"; sourceTree = "<group>"; };
		D40D34DD1C1E071F0019AC16 /* scissors-tiny@2x.png */ = {isa = PBXFileReference; lastKnownFileType = image.png; path = "scissors-tiny@2x.png"; sourceTree = "<group>"; };
		D40D34DE1C1E071F0019AC16 /* shotgun-tiny.png */ = {isa = PBXFileReference; lastKnownFileType = image.png; path = "shotgun-tiny.png"; sourceTree = "<group>"; };
		D40D34DF1C1E071F0019AC16 /* shotgun-tiny@2x.png */ = {isa = PBXFileReference; lastKnownFileType = image.png; path = "shotgun-tiny@2x.png"; sourceTree = "<group>"; };
		D40D34E01C1E071F0019AC16 /* slingshot-tiny.png */ = {isa = PBXFileReference; lastKnownFileType = image.png; path = "slingshot-tiny.png"; sourceTree = "<group>"; };
		D40D34E11C1E071F0019AC16 /* slingshot-tiny@2x.png */ = {isa = PBXFileReference; lastKnownFileType = image.png; path = "slingshot-tiny@2x.png"; sourceTree = "<group>"; };
		D40D34E21C1E071F0019AC16 /* stone-spear-tiny.png */ = {isa = PBXFileReference; lastKnownFileType = image.png; path = "stone-spear-tiny.png"; sourceTree = "<group>"; };
		D40D34E31C1E071F0019AC16 /* stone-spear-tiny@2x.png */ = {isa = PBXFileReference; lastKnownFileType = image.png; path = "stone-spear-tiny@2x.png"; sourceTree = "<group>"; };
		D40D34E41C1E071F0019AC16 /* thrown-daggers-tiny.png */ = {isa = PBXFileReference; lastKnownFileType = image.png; path = "thrown-daggers-tiny.png"; sourceTree = "<group>"; };
		D40D34E51C1E071F0019AC16 /* thrown-daggers-tiny@2x.png */ = {isa = PBXFileReference; lastKnownFileType = image.png; path = "thrown-daggers-tiny@2x.png"; sourceTree = "<group>"; };
		D482597C1BD363D400EF9DF5 /* Rock Paper Missiles.app */ = {isa = PBXFileReference; explicitFileType = wrapper.application; includeInIndex = 0; path = "Rock Paper Missiles.app"; sourceTree = BUILT_PRODUCTS_DIR; };
		D48259801BD363D400EF9DF5 /* main.m */ = {isa = PBXFileReference; lastKnownFileType = sourcecode.c.objc; path = main.m; sourceTree = "<group>"; };
		D48259821BD363D400EF9DF5 /* AppDelegate.h */ = {isa = PBXFileReference; lastKnownFileType = sourcecode.c.h; path = AppDelegate.h; sourceTree = "<group>"; };
		D48259831BD363D400EF9DF5 /* AppDelegate.m */ = {isa = PBXFileReference; lastKnownFileType = sourcecode.c.objc; path = AppDelegate.m; sourceTree = "<group>"; };
		D48259851BD363D400EF9DF5 /* ViewController.h */ = {isa = PBXFileReference; lastKnownFileType = sourcecode.c.h; path = ViewController.h; sourceTree = "<group>"; };
		D48259861BD363D400EF9DF5 /* ViewController.m */ = {isa = PBXFileReference; lastKnownFileType = sourcecode.c.objc; path = ViewController.m; sourceTree = "<group>"; };
		D48259891BD363D400EF9DF5 /* Base */ = {isa = PBXFileReference; lastKnownFileType = file.storyboard; name = Base; path = Base.lproj/Main.storyboard; sourceTree = "<group>"; };
		D482598B1BD363D400EF9DF5 /* Assets.xcassets */ = {isa = PBXFileReference; lastKnownFileType = folder.assetcatalog; path = Assets.xcassets; sourceTree = "<group>"; };
		D482598E1BD363D400EF9DF5 /* Base */ = {isa = PBXFileReference; lastKnownFileType = file.storyboard; name = Base; path = Base.lproj/LaunchScreen.storyboard; sourceTree = "<group>"; };
		D48259901BD363D400EF9DF5 /* Info.plist */ = {isa = PBXFileReference; lastKnownFileType = text.plist.xml; path = Info.plist; sourceTree = "<group>"; };
		D48259951BD363D400EF9DF5 /* Rock Paper MissilesTests.xctest */ = {isa = PBXFileReference; explicitFileType = wrapper.cfbundle; includeInIndex = 0; path = "Rock Paper MissilesTests.xctest"; sourceTree = BUILT_PRODUCTS_DIR; };
		D48259991BD363D400EF9DF5 /* Rock_Paper_MissilesTests.m */ = {isa = PBXFileReference; lastKnownFileType = sourcecode.c.objc; path = Rock_Paper_MissilesTests.m; sourceTree = "<group>"; };
		D482599B1BD363D400EF9DF5 /* Info.plist */ = {isa = PBXFileReference; lastKnownFileType = text.plist.xml; path = Info.plist; sourceTree = "<group>"; };
		D48259A01BD363D400EF9DF5 /* Rock Paper MissilesUITests.xctest */ = {isa = PBXFileReference; explicitFileType = wrapper.cfbundle; includeInIndex = 0; path = "Rock Paper MissilesUITests.xctest"; sourceTree = BUILT_PRODUCTS_DIR; };
		D48259A41BD363D400EF9DF5 /* Rock_Paper_MissilesUITests.m */ = {isa = PBXFileReference; lastKnownFileType = sourcecode.c.objc; path = Rock_Paper_MissilesUITests.m; sourceTree = "<group>"; };
		D48259A61BD363D400EF9DF5 /* Info.plist */ = {isa = PBXFileReference; lastKnownFileType = text.plist.xml; path = Info.plist; sourceTree = "<group>"; };
		D48259B21BD367F500EF9DF5 /* Main_iPad.storyboard */ = {isa = PBXFileReference; fileEncoding = 4; lastKnownFileType = file.storyboard; path = Main_iPad.storyboard; sourceTree = "<group>"; };
/* End PBXFileReference section */

/* Begin PBXFrameworksBuildPhase section */
		D48259791BD363D400EF9DF5 /* Frameworks */ = {
			isa = PBXFrameworksBuildPhase;
			buildActionMask = 2147483647;
			files = (
			);
			runOnlyForDeploymentPostprocessing = 0;
		};
		D48259921BD363D400EF9DF5 /* Frameworks */ = {
			isa = PBXFrameworksBuildPhase;
			buildActionMask = 2147483647;
			files = (
			);
			runOnlyForDeploymentPostprocessing = 0;
		};
		D482599D1BD363D400EF9DF5 /* Frameworks */ = {
			isa = PBXFrameworksBuildPhase;
			buildActionMask = 2147483647;
			files = (
			);
			runOnlyForDeploymentPostprocessing = 0;
		};
/* End PBXFrameworksBuildPhase section */

/* Begin PBXGroup section */
		D40D34411C1E071F0019AC16 /* Resources */ = {
			isa = PBXGroup;
			children = (
				D40D34421C1E071F0019AC16 /* CLICK01.wav */,
				D40D34431C1E071F0019AC16 /* CLICK02.wav */,
				D40D34441C1E071F0019AC16 /* CLICK04.wav */,
				D40D34451C1E071F0019AC16 /* CLICK07.wav */,
				D40D34461C1E071F0019AC16 /* close.png */,
				D40D34471C1E071F0019AC16 /* close@2x.png */,
				D40D34481C1E071F0019AC16 /* Durability */,
				D40D344F1C1E071F0019AC16 /* durability-0.png */,
				D40D34501C1E071F0019AC16 /* durability-0@2x.png */,
				D40D34511C1E071F0019AC16 /* durability-1.png */,
				D40D34521C1E071F0019AC16 /* durability-1@2x.png */,
				D40D34531C1E071F0019AC16 /* durability-2.png */,
				D40D34541C1E071F0019AC16 /* durability-2@2x.png */,
				D40D34551C1E071F0019AC16 /* durability-3.png */,
				D40D34561C1E071F0019AC16 /* durability-3@2x.png */,
				D40D34571C1E071F0019AC16 /* introsound01.mp3 */,
				D40D34581C1E071F0019AC16 /* iTunesArtwork.png */,
				D40D34591C1E071F0019AC16 /* menu-button-pressed.png */,
				D40D345A1C1E071F0019AC16 /* menu-button-pressed@2x.png */,
				D40D345B1C1E071F0019AC16 /* menu-button.png */,
				D40D345C1C1E071F0019AC16 /* menu-button@2x.png */,
				D40D345D1C1E071F0019AC16 /* Photoshop */,
				D40D345F1C1E071F0019AC16 /* pokerface006.mp3 */,
				D40D34601C1E071F0019AC16 /* shuffle-pressed.png */,
				D40D34611C1E071F0019AC16 /* shuffle-pressed@2x.png */,
				D40D34621C1E071F0019AC16 /* shuffle.png */,
				D40D34631C1E071F0019AC16 /* shuffle@2x.png */,
				D40D34641C1E071F0019AC16 /* Small Images */,
				D40D34A51C1E071F0019AC16 /* Tiny Images */,
			);
			path = Resources;
			sourceTree = "<group>";
		};
		D40D34481C1E071F0019AC16 /* Durability */ = {
			isa = PBXGroup;
			children = (
				D40D34491C1E071F0019AC16 /* durability-1.png */,
				D40D344A1C1E071F0019AC16 /* durability-1@2x.png */,
				D40D344B1C1E071F0019AC16 /* durability-2.png */,
				D40D344C1C1E071F0019AC16 /* durability-2@2x.png */,
				D40D344D1C1E071F0019AC16 /* durability-3.png */,
				D40D344E1C1E071F0019AC16 /* durability-3@2x.png */,
			);
			path = Durability;
			sourceTree = "<group>";
		};
		D40D345D1C1E071F0019AC16 /* Photoshop */ = {
			isa = PBXGroup;
			children = (
				D40D345E1C1E071F0019AC16 /* iTunesArtwork.psd */,
			);
			path = Photoshop;
			sourceTree = "<group>";
		};
		D40D34641C1E071F0019AC16 /* Small Images */ = {
			isa = PBXGroup;
			children = (
				D40D34651C1E071F0019AC16 /* bomb-arrow-small.png */,
				D40D34661C1E071F0019AC16 /* bomb-arrow-small@2x.png */,
				D40D34671C1E071F0019AC16 /* boss-small.png */,
				D40D34681C1E071F0019AC16 /* boss-small@2x.png */,
				D40D34691C1E071F0019AC16 /* dragon-small.png */,
				D40D346A1C1E071F0019AC16 /* dragon-small@2x.png */,
				D40D346B1C1E071F0019AC16 /* firecracker-small.png */,
				D40D346C1C1E071F0019AC16 /* firecracker-small@2x.png */,
				D40D346D1C1E071F0019AC16 /* flamethrower-small.png */,
				D40D346E1C1E071F0019AC16 /* flamethrower-small@2x.png */,
				D40D346F1C1E071F0019AC16 /* flaming-arrow-small.png */,
				D40D34701C1E071F0019AC16 /* flaming-arrow-small@2x.png */,
				D40D34711C1E071F0019AC16 /* flash-bang-small.png */,
				D40D34721C1E071F0019AC16 /* flash-bang-small@2x.png */,
				D40D34731C1E071F0019AC16 /* grenade-small.png */,
				D40D34741C1E071F0019AC16 /* grenade-small@2x.png */,
				D40D34751C1E071F0019AC16 /* hotsauce-small.png */,
				D40D34761C1E071F0019AC16 /* hotsauce-small@2x.png */,
				D40D34771C1E071F0019AC16 /* hourglass-small.png */,
				D40D34781C1E071F0019AC16 /* hourglass-small@2x.png */,
				D40D34791C1E071F0019AC16 /* hydra-small.png */,
				D40D347A1C1E071F0019AC16 /* hydra-small@2x.png */,
				D40D347B1C1E071F0019AC16 /* katana-small.png */,
				D40D347C1C1E071F0019AC16 /* katana-small@2x.png */,
				D40D347D1C1E071F0019AC16 /* locked-small.png */,
				D40D347E1C1E071F0019AC16 /* locked-small@2x.png */,
				D40D347F1C1E071F0019AC16 /* machete-small.png */,
				D40D34801C1E071F0019AC16 /* machete-small@2x.png */,
				D40D34811C1E071F0019AC16 /* medusa-small.png */,
				D40D34821C1E071F0019AC16 /* medusa-small@2x.png */,
				D40D34831C1E071F0019AC16 /* meteor-small.png */,
				D40D34841C1E071F0019AC16 /* meteor-small@2x.png */,
				D40D34851C1E071F0019AC16 /* missiles-small.png */,
				D40D34861C1E071F0019AC16 /* missiles-small@2x.png */,
				D40D34871C1E071F0019AC16 /* moai-small.png */,
				D40D34881C1E071F0019AC16 /* moai-small@2x.png */,
				D40D34891C1E071F0019AC16 /* molotov-small.png */,
				D40D348A1C1E071F0019AC16 /* molotov-small@2x.png */,
				D40D348B1C1E071F0019AC16 /* paper-small.png */,
				D40D348C1C1E071F0019AC16 /* paper-small@2x.png */,
				D40D348D1C1E071F0019AC16 /* phoenix-small.png */,
				D40D348E1C1E071F0019AC16 /* phoenix-small@2x.png */,
				D40D348F1C1E071F0019AC16 /* poison-arrow-small.png */,
				D40D34901C1E071F0019AC16 /* poison-arrow-small@2x.png */,
				D40D34911C1E071F0019AC16 /* revolver-small.png */,
				D40D34921C1E071F0019AC16 /* revolver-small@2x.png */,
				D40D34931C1E071F0019AC16 /* rifle-small.png */,
				D40D34941C1E071F0019AC16 /* rifle-small@2x.png */,
				D40D34951C1E071F0019AC16 /* rock-small.png */,
				D40D34961C1E071F0019AC16 /* rock-small@2x.png */,
				D40D34971C1E071F0019AC16 /* rocket-small.png */,
				D40D34981C1E071F0019AC16 /* rocket-small@2x.png */,
				D40D34991C1E071F0019AC16 /* scarecrow-small.png */,
				D40D349A1C1E071F0019AC16 /* scarecrow-small@2x.png */,
				D40D349B1C1E071F0019AC16 /* scissors-small.png */,
				D40D349C1C1E071F0019AC16 /* scissors-small@2x.png */,
				D40D349D1C1E071F0019AC16 /* shotgun-small.png */,
				D40D349E1C1E071F0019AC16 /* shotgun-small@2x.png */,
				D40D349F1C1E071F0019AC16 /* slingshot-small.png */,
				D40D34A01C1E071F0019AC16 /* slingshot-small@2x.png */,
				D40D34A11C1E071F0019AC16 /* stone-spear-small.png */,
				D40D34A21C1E071F0019AC16 /* stone-spear-small@2x.png */,
				D40D34A31C1E071F0019AC16 /* thrown-daggers-small.png */,
				D40D34A41C1E071F0019AC16 /* thrown-daggers-small@2x.png */,
			);
			path = "Small Images";
			sourceTree = "<group>";
		};
		D40D34A51C1E071F0019AC16 /* Tiny Images */ = {
			isa = PBXGroup;
			children = (
				D40D34A61C1E071F0019AC16 /* bomb-arrow-tiny.png */,
				D40D34A71C1E071F0019AC16 /* bomb-arrow-tiny@2x.png */,
				D40D34A81C1E071F0019AC16 /* boss-tiny.png */,
				D40D34A91C1E071F0019AC16 /* boss-tiny@2x.png */,
				D40D34AA1C1E071F0019AC16 /* dragon-tiny.png */,
				D40D34AB1C1E071F0019AC16 /* dragon-tiny@2x.png */,
				D40D34AC1C1E071F0019AC16 /* firecracker-tiny.png */,
				D40D34AD1C1E071F0019AC16 /* firecracker-tiny@2x.png */,
				D40D34AE1C1E071F0019AC16 /* flamethrower-tiny.png */,
				D40D34AF1C1E071F0019AC16 /* flamethrower-tiny@2x.png */,
				D40D34B01C1E071F0019AC16 /* flaming-arrow-tiny.png */,
				D40D34B11C1E071F0019AC16 /* flaming-arrow-tiny@2x.png */,
				D40D34B21C1E071F0019AC16 /* flash-bang-tiny.png */,
				D40D34B31C1E071F0019AC16 /* flash-bang-tiny@2x.png */,
				D40D34B41C1E071F0019AC16 /* grenade-tiny.png */,
				D40D34B51C1E071F0019AC16 /* grenade-tiny@2x.png */,
				D40D34B61C1E071F0019AC16 /* hotsauce-tiny.png */,
				D40D34B71C1E071F0019AC16 /* hotsauce-tiny@2x.png */,
				D40D34B81C1E071F0019AC16 /* hourglass-tiny.png */,
				D40D34B91C1E071F0019AC16 /* hourglass-tiny@2x.png */,
				D40D34BA1C1E071F0019AC16 /* hydra-tiny.png */,
				D40D34BB1C1E071F0019AC16 /* hydra-tiny@2x.png */,
				D40D34BC1C1E071F0019AC16 /* katana-tiny.png */,
				D40D34BD1C1E071F0019AC16 /* katana-tiny@2x.png */,
				D40D34BE1C1E071F0019AC16 /* locked-tiny.png */,
				D40D34BF1C1E071F0019AC16 /* locked-tiny@2x.png */,
				D40D34C01C1E071F0019AC16 /* machete-tiny.png */,
				D40D34C11C1E071F0019AC16 /* machete-tiny@2x.png */,
				D40D34C21C1E071F0019AC16 /* medusa-tiny.png */,
				D40D34C31C1E071F0019AC16 /* medusa-tiny@2x.png */,
				D40D34C41C1E071F0019AC16 /* meteor-tiny.png */,
				D40D34C51C1E071F0019AC16 /* meteor-tiny@2x.png */,
				D40D34C61C1E071F0019AC16 /* missiles-tiny.png */,
				D40D34C71C1E071F0019AC16 /* missiles-tiny@2x.png */,
				D40D34C81C1E071F0019AC16 /* moai-tiny.png */,
				D40D34C91C1E071F0019AC16 /* moai-tiny@2x.png */,
				D40D34CA1C1E071F0019AC16 /* molotov-tiny.png */,
				D40D34CB1C1E071F0019AC16 /* molotov-tiny@2x.png */,
				D40D34CC1C1E071F0019AC16 /* paper-tiny.png */,
				D40D34CD1C1E071F0019AC16 /* paper-tiny@2x.png */,
				D40D34CE1C1E071F0019AC16 /* phoenix-tiny.png */,
				D40D34CF1C1E071F0019AC16 /* phoenix-tiny@2x.png */,
				D40D34D01C1E071F0019AC16 /* poison-arrow-tiny.png */,
				D40D34D11C1E071F0019AC16 /* poison-arrow-tiny@2x.png */,
				D40D34D21C1E071F0019AC16 /* revolver-tiny.png */,
				D40D34D31C1E071F0019AC16 /* revolver-tiny@2x.png */,
				D40D34D41C1E071F0019AC16 /* rifle-tiny.png */,
				D40D34D51C1E071F0019AC16 /* rifle-tiny@2x.png */,
				D40D34D61C1E071F0019AC16 /* rock-tiny.png */,
				D40D34D71C1E071F0019AC16 /* rock-tiny@2x.png */,
				D40D34D81C1E071F0019AC16 /* rocket-tiny.png */,
				D40D34D91C1E071F0019AC16 /* rocket-tiny@2x.png */,
				D40D34DA1C1E071F0019AC16 /* scarecrow-tiny.png */,
				D40D34DB1C1E071F0019AC16 /* scarecrow-tiny@2x.png */,
				D40D34DC1C1E071F0019AC16 /* scissors-tiny.png */,
				D40D34DD1C1E071F0019AC16 /* scissors-tiny@2x.png */,
				D40D34DE1C1E071F0019AC16 /* shotgun-tiny.png */,
				D40D34DF1C1E071F0019AC16 /* shotgun-tiny@2x.png */,
				D40D34E01C1E071F0019AC16 /* slingshot-tiny.png */,
				D40D34E11C1E071F0019AC16 /* slingshot-tiny@2x.png */,
				D40D34E21C1E071F0019AC16 /* stone-spear-tiny.png */,
				D40D34E31C1E071F0019AC16 /* stone-spear-tiny@2x.png */,
				D40D34E41C1E071F0019AC16 /* thrown-daggers-tiny.png */,
				D40D34E51C1E071F0019AC16 /* thrown-daggers-tiny@2x.png */,
			);
			path = "Tiny Images";
			sourceTree = "<group>";
		};
		D48259731BD363D400EF9DF5 = {
			isa = PBXGroup;
			children = (
				D40D34411C1E071F0019AC16 /* Resources */,
				D482597E1BD363D400EF9DF5 /* Rock Paper Missiles */,
				D48259981BD363D400EF9DF5 /* Rock Paper MissilesTests */,
				D48259A31BD363D400EF9DF5 /* Rock Paper MissilesUITests */,
				D482597D1BD363D400EF9DF5 /* Products */,
			);
			sourceTree = "<group>";
		};
		D482597D1BD363D400EF9DF5 /* Products */ = {
			isa = PBXGroup;
			children = (
				D482597C1BD363D400EF9DF5 /* Rock Paper Missiles.app */,
				D48259951BD363D400EF9DF5 /* Rock Paper MissilesTests.xctest */,
				D48259A01BD363D400EF9DF5 /* Rock Paper MissilesUITests.xctest */,
			);
			name = Products;
			sourceTree = "<group>";
		};
		D482597E1BD363D400EF9DF5 /* Rock Paper Missiles */ = {
			isa = PBXGroup;
			children = (
				D48259821BD363D400EF9DF5 /* AppDelegate.h */,
				D48259831BD363D400EF9DF5 /* AppDelegate.m */,
				D48259851BD363D400EF9DF5 /* ViewController.h */,
				D48259861BD363D400EF9DF5 /* ViewController.m */,
				D405E84D1BD4F60F0000A5E5 /* About_iPhone.h */,
				D405E84E1BD4F60F0000A5E5 /* About_iPhone.m */,
				D405E84F1BD4F60F0000A5E5 /* Rush_iPhone.h */,
				D405E8501BD4F60F0000A5E5 /* Rush_iPhone.m */,
				D405E8511BD4F60F0000A5E5 /* Supremacy_iPhone.h */,
				D405E8521BD4F60F0000A5E5 /* Supremacy_iPhone.m */,
				D405E8531BD4F60F0000A5E5 /* ViewController_iPad.h */,
				D405E8541BD4F60F0000A5E5 /* ViewController_iPad.m */,
				D48259881BD363D400EF9DF5 /* Main.storyboard */,
				D48259B21BD367F500EF9DF5 /* Main_iPad.storyboard */,
				D482598B1BD363D400EF9DF5 /* Assets.xcassets */,
				D482598D1BD363D400EF9DF5 /* LaunchScreen.storyboard */,
				D48259901BD363D400EF9DF5 /* Info.plist */,
				D482597F1BD363D400EF9DF5 /* Supporting Files */,
			);
			path = "Rock Paper Missiles";
			sourceTree = "<group>";
		};
		D482597F1BD363D400EF9DF5 /* Supporting Files */ = {
			isa = PBXGroup;
			children = (
				D48259801BD363D400EF9DF5 /* main.m */,
			);
			name = "Supporting Files";
			sourceTree = "<group>";
		};
		D48259981BD363D400EF9DF5 /* Rock Paper MissilesTests */ = {
			isa = PBXGroup;
			children = (
				D48259991BD363D400EF9DF5 /* Rock_Paper_MissilesTests.m */,
				D482599B1BD363D400EF9DF5 /* Info.plist */,
			);
			path = "Rock Paper MissilesTests";
			sourceTree = "<group>";
		};
		D48259A31BD363D400EF9DF5 /* Rock Paper MissilesUITests */ = {
			isa = PBXGroup;
			children = (
				D48259A41BD363D400EF9DF5 /* Rock_Paper_MissilesUITests.m */,
				D48259A61BD363D400EF9DF5 /* Info.plist */,
			);
			path = "Rock Paper MissilesUITests";
			sourceTree = "<group>";
		};
/* End PBXGroup section */

/* Begin PBXNativeTarget section */
		D482597B1BD363D400EF9DF5 /* Rock Paper Missiles */ = {
			isa = PBXNativeTarget;
			buildConfigurationList = D48259A91BD363D400EF9DF5 /* Build configuration list for PBXNativeTarget "Rock Paper Missiles" */;
			buildPhases = (
				D48259781BD363D400EF9DF5 /* Sources */,
				D48259791BD363D400EF9DF5 /* Frameworks */,
				D482597A1BD363D400EF9DF5 /* Resources */,
			);
			buildRules = (
			);
			dependencies = (
			);
			name = "Rock Paper Missiles";
			productName = "Rock Paper Missiles";
			productReference = D482597C1BD363D400EF9DF5 /* Rock Paper Missiles.app */;
			productType = "com.apple.product-type.application";
		};
		D48259941BD363D400EF9DF5 /* Rock Paper MissilesTests */ = {
			isa = PBXNativeTarget;
			buildConfigurationList = D48259AC1BD363D400EF9DF5 /* Build configuration list for PBXNativeTarget "Rock Paper MissilesTests" */;
			buildPhases = (
				D48259911BD363D400EF9DF5 /* Sources */,
				D48259921BD363D400EF9DF5 /* Frameworks */,
				D48259931BD363D400EF9DF5 /* Resources */,
			);
			buildRules = (
			);
			dependencies = (
				D48259971BD363D400EF9DF5 /* PBXTargetDependency */,
			);
			name = "Rock Paper MissilesTests";
			productName = "Rock Paper MissilesTests";
			productReference = D48259951BD363D400EF9DF5 /* Rock Paper MissilesTests.xctest */;
			productType = "com.apple.product-type.bundle.unit-test";
		};
		D482599F1BD363D400EF9DF5 /* Rock Paper MissilesUITests */ = {
			isa = PBXNativeTarget;
			buildConfigurationList = D48259AF1BD363D400EF9DF5 /* Build configuration list for PBXNativeTarget "Rock Paper MissilesUITests" */;
			buildPhases = (
				D482599C1BD363D400EF9DF5 /* Sources */,
				D482599D1BD363D400EF9DF5 /* Frameworks */,
				D482599E1BD363D400EF9DF5 /* Resources */,
			);
			buildRules = (
			);
			dependencies = (
				D48259A21BD363D400EF9DF5 /* PBXTargetDependency */,
			);
			name = "Rock Paper MissilesUITests";
			productName = "Rock Paper MissilesUITests";
			productReference = D48259A01BD363D400EF9DF5 /* Rock Paper MissilesUITests.xctest */;
			productType = "com.apple.product-type.bundle.ui-testing";
		};
/* End PBXNativeTarget section */

/* Begin PBXProject section */
		D48259741BD363D400EF9DF5 /* Project object */ = {
			isa = PBXProject;
			attributes = {
				LastUpgradeCheck = 0700;
				ORGANIZATIONNAME = "Danny Perski";
				TargetAttributes = {
					D482597B1BD363D400EF9DF5 = {
						CreatedOnToolsVersion = 7.0.1;
					};
					D48259941BD363D400EF9DF5 = {
						CreatedOnToolsVersion = 7.0.1;
						TestTargetID = D482597B1BD363D400EF9DF5;
					};
					D482599F1BD363D400EF9DF5 = {
						CreatedOnToolsVersion = 7.0.1;
						TestTargetID = D482597B1BD363D400EF9DF5;
					};
				};
			};
			buildConfigurationList = D48259771BD363D400EF9DF5 /* Build configuration list for PBXProject "Rock Paper Missiles" */;
			compatibilityVersion = "Xcode 3.2";
			developmentRegion = English;
			hasScannedForEncodings = 0;
			knownRegions = (
				en,
				Base,
			);
			mainGroup = D48259731BD363D400EF9DF5;
			productRefGroup = D482597D1BD363D400EF9DF5 /* Products */;
			projectDirPath = "";
			projectRoot = "";
			targets = (
				D482597B1BD363D400EF9DF5 /* Rock Paper Missiles */,
				D48259941BD363D400EF9DF5 /* Rock Paper MissilesTests */,
				D482599F1BD363D400EF9DF5 /* Rock Paper MissilesUITests */,
			);
		};
/* End PBXProject section */

/* Begin PBXResourcesBuildPhase section */
		D482597A1BD363D400EF9DF5 /* Resources */ = {
			isa = PBXResourcesBuildPhase;
			buildActionMask = 2147483647;
			files = (
				D40D35101C1E071F0019AC16 /* flaming-arrow-small.png in Resources */,
				D40D34F71C1E071F0019AC16 /* durability-2@2x.png in Resources */,
				D40D351A1C1E071F0019AC16 /* hydra-small.png in Resources */,
				D40D35761C1E071F0019AC16 /* rock-tiny.png in Resources */,
				D40D35041C1E071F0019AC16 /* shuffle.png in Resources */,
				D40D34EA1C1E071F0019AC16 /* close.png in Resources */,
				D40D34E81C1E071F0019AC16 /* CLICK04.wav in Resources */,
				D40D354F1C1E071F0019AC16 /* flamethrower-tiny@2x.png in Resources */,
				D40D35561C1E071F0019AC16 /* hotsauce-tiny.png in Resources */,
				D40D352F1C1E071F0019AC16 /* phoenix-small@2x.png in Resources */,
				D40D355B1C1E071F0019AC16 /* hydra-tiny@2x.png in Resources */,
				D40D35321C1E071F0019AC16 /* revolver-small.png in Resources */,
				D40D35701C1E071F0019AC16 /* poison-arrow-tiny.png in Resources */,
				D40D35051C1E071F0019AC16 /* shuffle@2x.png in Resources */,
				D40D35281C1E071F0019AC16 /* moai-small.png in Resources */,
				D40D354D1C1E071F0019AC16 /* firecracker-tiny@2x.png in Resources */,
				D40D34F31C1E071F0019AC16 /* durability-0@2x.png in Resources */,
				D40D357E1C1E071F0019AC16 /* shotgun-tiny.png in Resources */,
				D40D34FD1C1E071F0019AC16 /* menu-button-pressed@2x.png in Resources */,
				D40D35081C1E071F0019AC16 /* boss-small.png in Resources */,
				D40D35141C1E071F0019AC16 /* grenade-small.png in Resources */,
				D482598F1BD363D400EF9DF5 /* LaunchScreen.storyboard in Resources */,
				D40D350A1C1E071F0019AC16 /* dragon-small.png in Resources */,
				D40D35431C1E071F0019AC16 /* stone-spear-small@2x.png in Resources */,
				D40D35061C1E071F0019AC16 /* bomb-arrow-small.png in Resources */,
				D40D35211C1E071F0019AC16 /* machete-small@2x.png in Resources */,
				D40D355C1C1E071F0019AC16 /* katana-tiny.png in Resources */,
				D40D35661C1E071F0019AC16 /* missiles-tiny.png in Resources */,
				D40D356C1C1E071F0019AC16 /* paper-tiny.png in Resources */,
				D40D352C1C1E071F0019AC16 /* paper-small.png in Resources */,
				D40D35541C1E071F0019AC16 /* grenade-tiny.png in Resources */,
				D40D35751C1E071F0019AC16 /* rifle-tiny@2x.png in Resources */,
				D40D34ED1C1E071F0019AC16 /* durability-1@2x.png in Resources */,
				D40D35411C1E071F0019AC16 /* slingshot-small@2x.png in Resources */,
				D40D35381C1E071F0019AC16 /* rocket-small.png in Resources */,
				D40D35781C1E071F0019AC16 /* rocket-tiny.png in Resources */,
				D40D35591C1E071F0019AC16 /* hourglass-tiny@2x.png in Resources */,
				D40D34F01C1E071F0019AC16 /* durability-3.png in Resources */,
				D40D350C1C1E071F0019AC16 /* firecracker-small.png in Resources */,
				D40D356E1C1E071F0019AC16 /* phoenix-tiny.png in Resources */,
				D48259B31BD367F500EF9DF5 /* Main_iPad.storyboard in Resources */,
				D40D35471C1E071F0019AC16 /* bomb-arrow-tiny@2x.png in Resources */,
				D40D352E1C1E071F0019AC16 /* phoenix-small.png in Resources */,
				D482598C1BD363D400EF9DF5 /* Assets.xcassets in Resources */,
				D40D34F91C1E071F0019AC16 /* durability-3@2x.png in Resources */,
				D40D34FA1C1E071F0019AC16 /* introsound01.mp3 in Resources */,
				D40D352B1C1E071F0019AC16 /* molotov-small@2x.png in Resources */,
				D40D35731C1E071F0019AC16 /* revolver-tiny@2x.png in Resources */,
				D40D35851C1E071F0019AC16 /* thrown-daggers-tiny@2x.png in Resources */,
				D40D35601C1E071F0019AC16 /* machete-tiny.png in Resources */,
				D40D34EE1C1E071F0019AC16 /* durability-2.png in Resources */,
				D40D35371C1E071F0019AC16 /* rock-small@2x.png in Resources */,
				D40D351D1C1E071F0019AC16 /* katana-small@2x.png in Resources */,
				D40D35151C1E071F0019AC16 /* grenade-small@2x.png in Resources */,
				D40D35651C1E071F0019AC16 /* meteor-tiny@2x.png in Resources */,
				D40D34EB1C1E071F0019AC16 /* close@2x.png in Resources */,
				D40D350F1C1E071F0019AC16 /* flamethrower-small@2x.png in Resources */,
				D40D350D1C1E071F0019AC16 /* firecracker-small@2x.png in Resources */,
				D40D35131C1E071F0019AC16 /* flash-bang-small@2x.png in Resources */,
				D40D34F61C1E071F0019AC16 /* durability-2.png in Resources */,
				D40D35091C1E071F0019AC16 /* boss-small@2x.png in Resources */,
				D40D354E1C1E071F0019AC16 /* flamethrower-tiny.png in Resources */,
				D40D35121C1E071F0019AC16 /* flash-bang-small.png in Resources */,
				D40D34F11C1E071F0019AC16 /* durability-3@2x.png in Resources */,
				D40D354C1C1E071F0019AC16 /* firecracker-tiny.png in Resources */,
				D40D353D1C1E071F0019AC16 /* scissors-small@2x.png in Resources */,
				D40D357F1C1E071F0019AC16 /* shotgun-tiny@2x.png in Resources */,
				D40D353A1C1E071F0019AC16 /* scarecrow-small.png in Resources */,
				D40D35611C1E071F0019AC16 /* machete-tiny@2x.png in Resources */,
				D40D35291C1E071F0019AC16 /* moai-small@2x.png in Resources */,
				D40D350E1C1E071F0019AC16 /* flamethrower-small.png in Resources */,
				D40D35401C1E071F0019AC16 /* slingshot-small.png in Resources */,
				D40D35181C1E071F0019AC16 /* hourglass-small.png in Resources */,
				D40D34FC1C1E071F0019AC16 /* menu-button-pressed.png in Resources */,
				D40D35191C1E071F0019AC16 /* hourglass-small@2x.png in Resources */,
				D40D34F51C1E071F0019AC16 /* durability-1@2x.png in Resources */,
				D40D35311C1E071F0019AC16 /* poison-arrow-small@2x.png in Resources */,
				D40D35711C1E071F0019AC16 /* poison-arrow-tiny@2x.png in Resources */,
				D40D35741C1E071F0019AC16 /* rifle-tiny.png in Resources */,
				D40D356B1C1E071F0019AC16 /* molotov-tiny@2x.png in Resources */,
				D40D35161C1E071F0019AC16 /* hotsauce-small.png in Resources */,
				D40D351C1C1E071F0019AC16 /* katana-small.png in Resources */,
				D40D34EF1C1E071F0019AC16 /* durability-2@2x.png in Resources */,
				D40D35271C1E071F0019AC16 /* missiles-small@2x.png in Resources */,
				D40D35301C1E071F0019AC16 /* poison-arrow-small.png in Resources */,
				D40D357C1C1E071F0019AC16 /* scissors-tiny.png in Resources */,
				D40D34FE1C1E071F0019AC16 /* menu-button.png in Resources */,
				D40D356D1C1E071F0019AC16 /* paper-tiny@2x.png in Resources */,
				D40D35221C1E071F0019AC16 /* medusa-small.png in Resources */,
				D40D35011C1E071F0019AC16 /* pokerface006.mp3 in Resources */,
				D40D35821C1E071F0019AC16 /* stone-spear-tiny.png in Resources */,
				D40D35631C1E071F0019AC16 /* medusa-tiny@2x.png in Resources */,
				D40D352D1C1E071F0019AC16 /* paper-small@2x.png in Resources */,
				D40D355A1C1E071F0019AC16 /* hydra-tiny.png in Resources */,
				D40D354A1C1E071F0019AC16 /* dragon-tiny.png in Resources */,
				D40D34F81C1E071F0019AC16 /* durability-3.png in Resources */,
				D40D356F1C1E071F0019AC16 /* phoenix-tiny@2x.png in Resources */,
				D40D351E1C1E071F0019AC16 /* locked-small.png in Resources */,
				D40D35261C1E071F0019AC16 /* missiles-small.png in Resources */,
				D40D352A1C1E071F0019AC16 /* molotov-small.png in Resources */,
				D40D35021C1E071F0019AC16 /* shuffle-pressed.png in Resources */,
				D40D34F41C1E071F0019AC16 /* durability-1.png in Resources */,
				D40D353B1C1E071F0019AC16 /* scarecrow-small@2x.png in Resources */,
				D40D35481C1E071F0019AC16 /* boss-tiny.png in Resources */,
				D40D35721C1E071F0019AC16 /* revolver-tiny.png in Resources */,
				D40D35801C1E071F0019AC16 /* slingshot-tiny.png in Resources */,
				D40D35111C1E071F0019AC16 /* flaming-arrow-small@2x.png in Resources */,
				D40D35341C1E071F0019AC16 /* rifle-small.png in Resources */,
				D40D356A1C1E071F0019AC16 /* molotov-tiny.png in Resources */,
				D40D34E91C1E071F0019AC16 /* CLICK07.wav in Resources */,
				D40D35251C1E071F0019AC16 /* meteor-small@2x.png in Resources */,
				D40D35071C1E071F0019AC16 /* bomb-arrow-small@2x.png in Resources */,
				D40D35421C1E071F0019AC16 /* stone-spear-small.png in Resources */,
				D40D35031C1E071F0019AC16 /* shuffle-pressed@2x.png in Resources */,
				D40D35521C1E071F0019AC16 /* flash-bang-tiny.png in Resources */,
				D40D35671C1E071F0019AC16 /* missiles-tiny@2x.png in Resources */,
				D40D350B1C1E071F0019AC16 /* dragon-small@2x.png in Resources */,
				D40D34FF1C1E071F0019AC16 /* menu-button@2x.png in Resources */,
				D40D35571C1E071F0019AC16 /* hotsauce-tiny@2x.png in Resources */,
				D40D35461C1E071F0019AC16 /* bomb-arrow-tiny.png in Resources */,
				D40D351B1C1E071F0019AC16 /* hydra-small@2x.png in Resources */,
				D40D35501C1E071F0019AC16 /* flaming-arrow-tiny.png in Resources */,
				D40D354B1C1E071F0019AC16 /* dragon-tiny@2x.png in Resources */,
				D40D34FB1C1E071F0019AC16 /* iTunesArtwork.png in Resources */,
				D40D35001C1E071F0019AC16 /* iTunesArtwork.psd in Resources */,
				D40D35831C1E071F0019AC16 /* stone-spear-tiny@2x.png in Resources */,
				D40D353F1C1E071F0019AC16 /* shotgun-small@2x.png in Resources */,
				D40D355F1C1E071F0019AC16 /* locked-tiny@2x.png in Resources */,
				D40D34F21C1E071F0019AC16 /* durability-0.png in Resources */,
				D40D35511C1E071F0019AC16 /* flaming-arrow-tiny@2x.png in Resources */,
				D482598A1BD363D400EF9DF5 /* Main.storyboard in Resources */,
				D40D35361C1E071F0019AC16 /* rock-small.png in Resources */,
				D40D35581C1E071F0019AC16 /* hourglass-tiny.png in Resources */,
				D40D357A1C1E071F0019AC16 /* scarecrow-tiny.png in Resources */,
				D40D35531C1E071F0019AC16 /* flash-bang-tiny@2x.png in Resources */,
				D40D35171C1E071F0019AC16 /* hotsauce-small@2x.png in Resources */,
				D40D351F1C1E071F0019AC16 /* locked-small@2x.png in Resources */,
				D40D357D1C1E071F0019AC16 /* scissors-tiny@2x.png in Resources */,
				D40D355E1C1E071F0019AC16 /* locked-tiny.png in Resources */,
				D40D35241C1E071F0019AC16 /* meteor-small.png in Resources */,
				D40D34E61C1E071F0019AC16 /* CLICK01.wav in Resources */,
				D40D35201C1E071F0019AC16 /* machete-small.png in Resources */,
				D40D34E71C1E071F0019AC16 /* CLICK02.wav in Resources */,
				D40D34EC1C1E071F0019AC16 /* durability-1.png in Resources */,
				D40D353E1C1E071F0019AC16 /* shotgun-small.png in Resources */,
				D40D35791C1E071F0019AC16 /* rocket-tiny@2x.png in Resources */,
				D40D35231C1E071F0019AC16 /* medusa-small@2x.png in Resources */,
				D40D35331C1E071F0019AC16 /* revolver-small@2x.png in Resources */,
				D40D35621C1E071F0019AC16 /* medusa-tiny.png in Resources */,
				D40D355D1C1E071F0019AC16 /* katana-tiny@2x.png in Resources */,
				D40D353C1C1E071F0019AC16 /* scissors-small.png in Resources */,
				D40D35391C1E071F0019AC16 /* rocket-small@2x.png in Resources */,
				D40D357B1C1E071F0019AC16 /* scarecrow-tiny@2x.png in Resources */,
				D40D35441C1E071F0019AC16 /* thrown-daggers-small.png in Resources */,
				D40D35491C1E071F0019AC16 /* boss-tiny@2x.png in Resources */,
				D40D35771C1E071F0019AC16 /* rock-tiny@2x.png in Resources */,
				D40D35451C1E071F0019AC16 /* thrown-daggers-small@2x.png in Resources */,
				D40D35641C1E071F0019AC16 /* meteor-tiny.png in Resources */,
				D40D35691C1E071F0019AC16 /* moai-tiny@2x.png in Resources */,
				D40D35351C1E071F0019AC16 /* rifle-small@2x.png in Resources */,
				D40D35681C1E071F0019AC16 /* moai-tiny.png in Resources */,
				D40D35841C1E071F0019AC16 /* thrown-daggers-tiny.png in Resources */,
				D40D35811C1E071F0019AC16 /* slingshot-tiny@2x.png in Resources */,
				D40D35551C1E071F0019AC16 /* grenade-tiny@2x.png in Resources */,
			);
			runOnlyForDeploymentPostprocessing = 0;
		};
		D48259931BD363D400EF9DF5 /* Resources */ = {
			isa = PBXResourcesBuildPhase;
			buildActionMask = 2147483647;
			files = (
			);
			runOnlyForDeploymentPostprocessing = 0;
		};
		D482599E1BD363D400EF9DF5 /* Resources */ = {
			isa = PBXResourcesBuildPhase;
			buildActionMask = 2147483647;
			files = (
			);
			runOnlyForDeploymentPostprocessing = 0;
		};
/* End PBXResourcesBuildPhase section */

/* Begin PBXSourcesBuildPhase section */
		D48259781BD363D400EF9DF5 /* Sources */ = {
			isa = PBXSourcesBuildPhase;
			buildActionMask = 2147483647;
			files = (
				D405E8571BD4F60F0000A5E5 /* Supremacy_iPhone.m in Sources */,
				D48259871BD363D400EF9DF5 /* ViewController.m in Sources */,
				D48259841BD363D400EF9DF5 /* AppDelegate.m in Sources */,
				D405E8561BD4F60F0000A5E5 /* Rush_iPhone.m in Sources */,
				D405E8551BD4F60F0000A5E5 /* About_iPhone.m in Sources */,
				D48259811BD363D400EF9DF5 /* main.m in Sources */,
				D405E8581BD4F60F0000A5E5 /* ViewController_iPad.m in Sources */,
			);
			runOnlyForDeploymentPostprocessing = 0;
		};
		D48259911BD363D400EF9DF5 /* Sources */ = {
			isa = PBXSourcesBuildPhase;
			buildActionMask = 2147483647;
			files = (
				D482599A1BD363D400EF9DF5 /* Rock_Paper_MissilesTests.m in Sources */,
			);
			runOnlyForDeploymentPostprocessing = 0;
		};
		D482599C1BD363D400EF9DF5 /* Sources */ = {
			isa = PBXSourcesBuildPhase;
			buildActionMask = 2147483647;
			files = (
				D48259A51BD363D400EF9DF5 /* Rock_Paper_MissilesUITests.m in Sources */,
			);
			runOnlyForDeploymentPostprocessing = 0;
		};
/* End PBXSourcesBuildPhase section */

/* Begin PBXTargetDependency section */
		D48259971BD363D400EF9DF5 /* PBXTargetDependency */ = {
			isa = PBXTargetDependency;
			target = D482597B1BD363D400EF9DF5 /* Rock Paper Missiles */;
			targetProxy = D48259961BD363D400EF9DF5 /* PBXContainerItemProxy */;
		};
		D48259A21BD363D400EF9DF5 /* PBXTargetDependency */ = {
			isa = PBXTargetDependency;
			target = D482597B1BD363D400EF9DF5 /* Rock Paper Missiles */;
			targetProxy = D48259A11BD363D400EF9DF5 /* PBXContainerItemProxy */;
		};
/* End PBXTargetDependency section */

/* Begin PBXVariantGroup section */
		D48259881BD363D400EF9DF5 /* Main.storyboard */ = {
			isa = PBXVariantGroup;
			children = (
				D48259891BD363D400EF9DF5 /* Base */,
			);
			name = Main.storyboard;
			sourceTree = "<group>";
		};
		D482598D1BD363D400EF9DF5 /* LaunchScreen.storyboard */ = {
			isa = PBXVariantGroup;
			children = (
				D482598E1BD363D400EF9DF5 /* Base */,
			);
			name = LaunchScreen.storyboard;
			sourceTree = "<group>";
		};
/* End PBXVariantGroup section */

/* Begin XCBuildConfiguration section */
		D48259A71BD363D400EF9DF5 /* Debug */ = {
			isa = XCBuildConfiguration;
			buildSettings = {
				ALWAYS_SEARCH_USER_PATHS = NO;
				CLANG_CXX_LANGUAGE_STANDARD = "gnu++0x";
				CLANG_CXX_LIBRARY = "libc++";
				CLANG_ENABLE_MODULES = YES;
				CLANG_ENABLE_OBJC_ARC = YES;
				CLANG_WARN_BOOL_CONVERSION = YES;
				CLANG_WARN_CONSTANT_CONVERSION = YES;
				CLANG_WARN_DIRECT_OBJC_ISA_USAGE = YES_ERROR;
				CLANG_WARN_EMPTY_BODY = YES;
				CLANG_WARN_ENUM_CONVERSION = YES;
				CLANG_WARN_INT_CONVERSION = YES;
				CLANG_WARN_OBJC_ROOT_CLASS = YES_ERROR;
				CLANG_WARN_UNREACHABLE_CODE = YES;
				CLANG_WARN__DUPLICATE_METHOD_MATCH = YES;
				"CODE_SIGN_IDENTITY[sdk=iphoneos*]" = "iPhone Developer";
				COPY_PHASE_STRIP = NO;
				DEBUG_INFORMATION_FORMAT = dwarf;
				ENABLE_STRICT_OBJC_MSGSEND = YES;
				ENABLE_TESTABILITY = YES;
				GCC_C_LANGUAGE_STANDARD = gnu99;
				GCC_DYNAMIC_NO_PIC = NO;
				GCC_NO_COMMON_BLOCKS = YES;
				GCC_OPTIMIZATION_LEVEL = 0;
				GCC_PREPROCESSOR_DEFINITIONS = (
					"DEBUG=1",
					"$(inherited)",
				);
				GCC_WARN_64_TO_32_BIT_CONVERSION = YES;
				GCC_WARN_ABOUT_RETURN_TYPE = YES_ERROR;
				GCC_WARN_UNDECLARED_SELECTOR = YES;
				GCC_WARN_UNINITIALIZED_AUTOS = YES_AGGRESSIVE;
				GCC_WARN_UNUSED_FUNCTION = YES;
				GCC_WARN_UNUSED_VARIABLE = YES;
				IPHONEOS_DEPLOYMENT_TARGET = 9.0;
				MTL_ENABLE_DEBUG_INFO = YES;
				ONLY_ACTIVE_ARCH = YES;
				SDKROOT = iphoneos;
				TARGETED_DEVICE_FAMILY = "1,2";
			};
			name = Debug;
		};
		D48259A81BD363D400EF9DF5 /* Release */ = {
			isa = XCBuildConfiguration;
			buildSettings = {
				ALWAYS_SEARCH_USER_PATHS = NO;
				CLANG_CXX_LANGUAGE_STANDARD = "gnu++0x";
				CLANG_CXX_LIBRARY = "libc++";
				CLANG_ENABLE_MODULES = YES;
				CLANG_ENABLE_OBJC_ARC = YES;
				CLANG_WARN_BOOL_CONVERSION = YES;
				CLANG_WARN_CONSTANT_CONVERSION = YES;
				CLANG_WARN_DIRECT_OBJC_ISA_USAGE = YES_ERROR;
				CLANG_WARN_EMPTY_BODY = YES;
				CLANG_WARN_ENUM_CONVERSION = YES;
				CLANG_WARN_INT_CONVERSION = YES;
				CLANG_WARN_OBJC_ROOT_CLASS = YES_ERROR;
				CLANG_WARN_UNREACHABLE_CODE = YES;
				CLANG_WARN__DUPLICATE_METHOD_MATCH = YES;
				"CODE_SIGN_IDENTITY[sdk=iphoneos*]" = "iPhone Developer";
				COPY_PHASE_STRIP = NO;
				DEBUG_INFORMATION_FORMAT = "dwarf-with-dsym";
				ENABLE_NS_ASSERTIONS = NO;
				ENABLE_STRICT_OBJC_MSGSEND = YES;
				GCC_C_LANGUAGE_STANDARD = gnu99;
				GCC_NO_COMMON_BLOCKS = YES;
				GCC_WARN_64_TO_32_BIT_CONVERSION = YES;
				GCC_WARN_ABOUT_RETURN_TYPE = YES_ERROR;
				GCC_WARN_UNDECLARED_SELECTOR = YES;
				GCC_WARN_UNINITIALIZED_AUTOS = YES_AGGRESSIVE;
				GCC_WARN_UNUSED_FUNCTION = YES;
				GCC_WARN_UNUSED_VARIABLE = YES;
				IPHONEOS_DEPLOYMENT_TARGET = 9.0;
				MTL_ENABLE_DEBUG_INFO = NO;
				SDKROOT = iphoneos;
				TARGETED_DEVICE_FAMILY = "1,2";
				VALIDATE_PRODUCT = YES;
			};
			name = Release;
		};
		D48259AA1BD363D400EF9DF5 /* Debug */ = {
			isa = XCBuildConfiguration;
			buildSettings = {
				ASSETCATALOG_COMPILER_APPICON_NAME = AppIcon;
				INFOPLIST_FILE = "Rock Paper Missiles/Info.plist";
				LD_RUNPATH_SEARCH_PATHS = "$(inherited) @executable_path/Frameworks";
				PRODUCT_BUNDLE_IDENTIFIER = "com.mguniverse.Rock-Paper-Missiles";
				PRODUCT_NAME = "$(TARGET_NAME)";
				TARGETED_DEVICE_FAMILY = 1;
			};
			name = Debug;
		};
		D48259AB1BD363D400EF9DF5 /* Release */ = {
			isa = XCBuildConfiguration;
			buildSettings = {
				ASSETCATALOG_COMPILER_APPICON_NAME = AppIcon;
				INFOPLIST_FILE = "Rock Paper Missiles/Info.plist";
				LD_RUNPATH_SEARCH_PATHS = "$(inherited) @executable_path/Frameworks";
				PRODUCT_BUNDLE_IDENTIFIER = "com.mguniverse.Rock-Paper-Missiles";
				PRODUCT_NAME = "$(TARGET_NAME)";
				TARGETED_DEVICE_FAMILY = 1;
			};
			name = Release;
		};
		D48259AD1BD363D400EF9DF5 /* Debug */ = {
			isa = XCBuildConfiguration;
			buildSettings = {
				BUNDLE_LOADER = "$(TEST_HOST)";
				INFOPLIST_FILE = "Rock Paper MissilesTests/Info.plist";
				LD_RUNPATH_SEARCH_PATHS = "$(inherited) @executable_path/Frameworks @loader_path/Frameworks";
				PRODUCT_BUNDLE_IDENTIFIER = "com.mguniverse.Rock-Paper-MissilesTests";
				PRODUCT_NAME = "$(TARGET_NAME)";
				TEST_HOST = "$(BUILT_PRODUCTS_DIR)/Rock Paper Missiles.app/Rock Paper Missiles";
			};
			name = Debug;
		};
		D48259AE1BD363D400EF9DF5 /* Release */ = {
			isa = XCBuildConfiguration;
			buildSettings = {
				BUNDLE_LOADER = "$(TEST_HOST)";
				INFOPLIST_FILE = "Rock Paper MissilesTests/Info.plist";
				LD_RUNPATH_SEARCH_PATHS = "$(inherited) @executable_path/Frameworks @loader_path/Frameworks";
				PRODUCT_BUNDLE_IDENTIFIER = "com.mguniverse.Rock-Paper-MissilesTests";
				PRODUCT_NAME = "$(TARGET_NAME)";
				TEST_HOST = "$(BUILT_PRODUCTS_DIR)/Rock Paper Missiles.app/Rock Paper Missiles";
			};
			name = Release;
		};
		D48259B01BD363D400EF9DF5 /* Debug */ = {
			isa = XCBuildConfiguration;
			buildSettings = {
				INFOPLIST_FILE = "Rock Paper MissilesUITests/Info.plist";
				LD_RUNPATH_SEARCH_PATHS = "$(inherited) @executable_path/Frameworks @loader_path/Frameworks";
				PRODUCT_BUNDLE_IDENTIFIER = "com.mguniverse.Rock-Paper-MissilesUITests";
				PRODUCT_NAME = "$(TARGET_NAME)";
				TEST_TARGET_NAME = "Rock Paper Missiles";
				USES_XCTRUNNER = YES;
			};
			name = Debug;
		};
		D48259B11BD363D400EF9DF5 /* Release */ = {
			isa = XCBuildConfiguration;
			buildSettings = {
				INFOPLIST_FILE = "Rock Paper MissilesUITests/Info.plist";
				LD_RUNPATH_SEARCH_PATHS = "$(inherited) @executable_path/Frameworks @loader_path/Frameworks";
				PRODUCT_BUNDLE_IDENTIFIER = "com.mguniverse.Rock-Paper-MissilesUITests";
				PRODUCT_NAME = "$(TARGET_NAME)";
				TEST_TARGET_NAME = "Rock Paper Missiles";
				USES_XCTRUNNER = YES;
			};
			name = Release;
		};
/* End XCBuildConfiguration section */

/* Begin XCConfigurationList section */
		D48259771BD363D400EF9DF5 /* Build configuration list for PBXProject "Rock Paper Missiles" */ = {
			isa = XCConfigurationList;
			buildConfigurations = (
				D48259A71BD363D400EF9DF5 /* Debug */,
				D48259A81BD363D400EF9DF5 /* Release */,
			);
			defaultConfigurationIsVisible = 0;
			defaultConfigurationName = Release;
		};
		D48259A91BD363D400EF9DF5 /* Build configuration list for PBXNativeTarget "Rock Paper Missiles" */ = {
			isa = XCConfigurationList;
			buildConfigurations = (
				D48259AA1BD363D400EF9DF5 /* Debug */,
				D48259AB1BD363D400EF9DF5 /* Release */,
			);
			defaultConfigurationIsVisible = 0;
			defaultConfigurationName = Release;
		};
		D48259AC1BD363D400EF9DF5 /* Build configuration list for PBXNativeTarget "Rock Paper MissilesTests" */ = {
			isa = XCConfigurationList;
			buildConfigurations = (
				D48259AD1BD363D400EF9DF5 /* Debug */,
				D48259AE1BD363D400EF9DF5 /* Release */,
			);
			defaultConfigurationIsVisible = 0;
			defaultConfigurationName = Release;
		};
		D48259AF1BD363D400EF9DF5 /* Build configuration list for PBXNativeTarget "Rock Paper MissilesUITests" */ = {
			isa = XCConfigurationList;
			buildConfigurations = (
				D48259B01BD363D400EF9DF5 /* Debug */,
				D48259B11BD363D400EF9DF5 /* Release */,
			);
			defaultConfigurationIsVisible = 0;
			defaultConfigurationName = Release;
		};
/* End XCConfigurationList section */
	};
	rootObject = D48259741BD363D400EF9DF5 /* Project object */;
}
